// !$*UTF8*$!
{
	archiveVersion = 1;
	classes = {
	};
	objectVersion = 50;
	objects = {

/* Begin PBXBuildFile section */
		E3071FB8AEF29415BEBC7336 /* libPods-XJJSwiftDome.a in Frameworks */ = {isa = PBXBuildFile; fileRef = 5AF7785B451716AA12F73CC3 /* libPods-XJJSwiftDome.a */; };
		F901ECB926B27D77009112C3 /* XJJAlert.swift in Sources */ = {isa = PBXBuildFile; fileRef = F901ECB826B27D77009112C3 /* XJJAlert.swift */; };
		F901ECBE26B28281009112C3 /* XJJAlertBackgroundView.swift in Sources */ = {isa = PBXBuildFile; fileRef = F901ECBD26B28281009112C3 /* XJJAlertBackgroundView.swift */; };
		F901ECC026B287DA009112C3 /* XJJAlertPromptView.swift in Sources */ = {isa = PBXBuildFile; fileRef = F901ECBF26B287DA009112C3 /* XJJAlertPromptView.swift */; };
		F901ECC226B289E7009112C3 /* XJJAlert+Prompt.swift in Sources */ = {isa = PBXBuildFile; fileRef = F901ECC126B289E7009112C3 /* XJJAlert+Prompt.swift */; };
		F917ECA026BCDA0900B9A7A6 /* XJJAlertTableView.swift in Sources */ = {isa = PBXBuildFile; fileRef = F917EC9F26BCDA0900B9A7A6 /* XJJAlertTableView.swift */; };
		F917ECA326BD39F500B9A7A6 /* XJJRHLabel.swift in Sources */ = {isa = PBXBuildFile; fileRef = F917ECA226BD39F500B9A7A6 /* XJJRHLabel.swift */; };
		F924CC4A2649335D00D94946 /* XJJScreen.swift in Sources */ = {isa = PBXBuildFile; fileRef = F924CC492649335D00D94946 /* XJJScreen.swift */; };
		F9274851264A686B00CE1928 /* XJJImages.swift in Sources */ = {isa = PBXBuildFile; fileRef = F9274850264A686B00CE1928 /* XJJImages.swift */; };
		F927E03A26BB8E04001DA586 /* XJJActivityIndicatorView.swift in Sources */ = {isa = PBXBuildFile; fileRef = F927E03926BB8E04001DA586 /* XJJActivityIndicatorView.swift */; };
		F927E03C26BB9731001DA586 /* XJJAlert+ActivityIndicator.swift in Sources */ = {isa = PBXBuildFile; fileRef = F927E03B26BB9731001DA586 /* XJJAlert+ActivityIndicator.swift */; };
		F927E03E26BBBF75001DA586 /* XJJAlertPickerView.swift in Sources */ = {isa = PBXBuildFile; fileRef = F927E03D26BBBF75001DA586 /* XJJAlertPickerView.swift */; };
		F927E04026BBD0E0001DA586 /* XJJAlert+Picker.swift in Sources */ = {isa = PBXBuildFile; fileRef = F927E03F26BBD0E0001DA586 /* XJJAlert+Picker.swift */; };
		F92DDB3C25CD2D0C00B390FE /* XJJTabBarController.swift in Sources */ = {isa = PBXBuildFile; fileRef = F92DDB3B25CD2D0C00B390FE /* XJJTabBarController.swift */; };
		F92DDB4125CD2EC400B390FE /* XJJTimer.swift in Sources */ = {isa = PBXBuildFile; fileRef = F92DDB4025CD2EC400B390FE /* XJJTimer.swift */; };
		F92DDB4825CD34C200B390FE /* XJJTimerViewController.swift in Sources */ = {isa = PBXBuildFile; fileRef = F92DDB4725CD34C200B390FE /* XJJTimerViewController.swift */; };
		F92DDB5025CD391800B390FE /* XJJMainViewController.swift in Sources */ = {isa = PBXBuildFile; fileRef = F92DDB4F25CD391800B390FE /* XJJMainViewController.swift */; };
		F92DDB5A25CD40CB00B390FE /* XJJNewsViewController.swift in Sources */ = {isa = PBXBuildFile; fileRef = F92DDB5925CD40CB00B390FE /* XJJNewsViewController.swift */; };
		F92DDB5F25CD40EF00B390FE /* XJJMyViewController.swift in Sources */ = {isa = PBXBuildFile; fileRef = F92DDB5E25CD40EF00B390FE /* XJJMyViewController.swift */; };
		F92DDB6425CD48F300B390FE /* UILabel+Extension.swift in Sources */ = {isa = PBXBuildFile; fileRef = F92DDB6325CD48F300B390FE /* UILabel+Extension.swift */; };
		F930A497262AC01B00710842 /* UIImageView+Extension.swift in Sources */ = {isa = PBXBuildFile; fileRef = F930A496262AC01B00710842 /* UIImageView+Extension.swift */; };
		F930DA9D25E8A0DB007459FC /* XJJNewsTableItem.swift in Sources */ = {isa = PBXBuildFile; fileRef = F930DA9C25E8A0DB007459FC /* XJJNewsTableItem.swift */; };
		F930DAA625E8A11F007459FC /* XJJNewsItem.swift in Sources */ = {isa = PBXBuildFile; fileRef = F930DAA525E8A11F007459FC /* XJJNewsItem.swift */; };
		F937FB7825ECE7160073351E /* XJJNewsVideoView.swift in Sources */ = {isa = PBXBuildFile; fileRef = F937FB7725ECE7160073351E /* XJJNewsVideoView.swift */; };
		F937FB7E25ECEB3A0073351E /* VideoUrls in Resources */ = {isa = PBXBuildFile; fileRef = F937FB7D25ECEB3A0073351E /* VideoUrls */; };
		F937FB8425ECEC240073351E /* XJJVideoSource.plist in Resources */ = {isa = PBXBuildFile; fileRef = F937FB8325ECEC240073351E /* XJJVideoSource.plist */; };
		F937FB8925ECEF190073351E /* XJJVideo.swift in Sources */ = {isa = PBXBuildFile; fileRef = F937FB8825ECEF190073351E /* XJJVideo.swift */; };
		F937FB8E25ECF08C0073351E /* XJJVideoItem.swift in Sources */ = {isa = PBXBuildFile; fileRef = F937FB8D25ECF08C0073351E /* XJJVideoItem.swift */; };
		F93BF4BF264F7CE6003E1CDC /* XJJVideoPlayerMenuCenterView.swift in Sources */ = {isa = PBXBuildFile; fileRef = F93BF4BE264F7CE6003E1CDC /* XJJVideoPlayerMenuCenterView.swift */; };
		F943955425EC9CD400C56E3C /* XJJFile.swift in Sources */ = {isa = PBXBuildFile; fileRef = F943955325EC9CD400C56E3C /* XJJFile.swift */; };
		F949392E26B9371900E1BC31 /* UITextField+Extension.swift in Sources */ = {isa = PBXBuildFile; fileRef = F949392D26B9371900E1BC31 /* UITextField+Extension.swift */; };
		F950216C265E316800EDD434 /* XJJTools.swift in Sources */ = {isa = PBXBuildFile; fileRef = F950216B265E316800EDD434 /* XJJTools.swift */; };
		F95CBB4C25EDD9FB008A758D /* Data+Extension.swift in Sources */ = {isa = PBXBuildFile; fileRef = F95CBB4B25EDD9FB008A758D /* Data+Extension.swift */; };
		F95CBB5325EDEE63008A758D /* XJJHTTP.swift in Sources */ = {isa = PBXBuildFile; fileRef = F95CBB5225EDEE63008A758D /* XJJHTTP.swift */; };
		F95CBB5825EDEF46008A758D /* XJJHTTPManager.swift in Sources */ = {isa = PBXBuildFile; fileRef = F95CBB5725EDEF46008A758D /* XJJHTTPManager.swift */; };
		F95CBB5D25EDEF84008A758D /* XJJHTTPRequest.swift in Sources */ = {isa = PBXBuildFile; fileRef = F95CBB5C25EDEF84008A758D /* XJJHTTPRequest.swift */; };
		F95CBB6225EDF020008A758D /* XJJHTTPTask.swift in Sources */ = {isa = PBXBuildFile; fileRef = F95CBB6125EDF020008A758D /* XJJHTTPTask.swift */; };
		F95CBB6725EDF051008A758D /* XJJHTTPDataType.swift in Sources */ = {isa = PBXBuildFile; fileRef = F95CBB6625EDF051008A758D /* XJJHTTPDataType.swift */; };
		F95CBB6C25EDF080008A758D /* XJJHTTPResponse.swift in Sources */ = {isa = PBXBuildFile; fileRef = F95CBB6B25EDF080008A758D /* XJJHTTPResponse.swift */; };
		F95CBB7125EDF09A008A758D /* XJJHTTPResult.swift in Sources */ = {isa = PBXBuildFile; fileRef = F95CBB7025EDF09A008A758D /* XJJHTTPResult.swift */; };
		F9649EFE26005EDF00DC0E47 /* XJJMMSModel.swift in Sources */ = {isa = PBXBuildFile; fileRef = F9649EFD26005EDF00DC0E47 /* XJJMMSModel.swift */; };
		F9649F0B2600611B00DC0E47 /* XJJGUID.swift in Sources */ = {isa = PBXBuildFile; fileRef = F9649F0A2600611B00DC0E47 /* XJJGUID.swift */; };
		F9649F1C2600A52200DC0E47 /* XJJMMSClient.swift in Sources */ = {isa = PBXBuildFile; fileRef = F9649F1B2600A52200DC0E47 /* XJJMMSClient.swift */; };
		F9649F212600A55B00DC0E47 /* XJJMMS.swift in Sources */ = {isa = PBXBuildFile; fileRef = F9649F202600A55B00DC0E47 /* XJJMMS.swift */; };
		F96954032623E19300E4D41B /* XJJVideoPlayerItem.swift in Sources */ = {isa = PBXBuildFile; fileRef = F96954022623E19300E4D41B /* XJJVideoPlayerItem.swift */; };
		F969619025C7FEEB00CE461B /* AppDelegate.swift in Sources */ = {isa = PBXBuildFile; fileRef = F969618F25C7FEEB00CE461B /* AppDelegate.swift */; };
		F969619425C7FEEB00CE461B /* ViewController.swift in Sources */ = {isa = PBXBuildFile; fileRef = F969619325C7FEEB00CE461B /* ViewController.swift */; };
		F969619925C7FEF400CE461B /* Assets.xcassets in Resources */ = {isa = PBXBuildFile; fileRef = F969619825C7FEF400CE461B /* Assets.xcassets */; };
		F969619C25C7FEF400CE461B /* LaunchScreen.storyboard in Resources */ = {isa = PBXBuildFile; fileRef = F969619A25C7FEF400CE461B /* LaunchScreen.storyboard */; };
		F96961A725C7FEF400CE461B /* XJJSwiftDomeTests.swift in Sources */ = {isa = PBXBuildFile; fileRef = F96961A625C7FEF400CE461B /* XJJSwiftDomeTests.swift */; };
		F96961B225C7FEF400CE461B /* XJJSwiftDomeUITests.swift in Sources */ = {isa = PBXBuildFile; fileRef = F96961B125C7FEF400CE461B /* XJJSwiftDomeUITests.swift */; };
		F96961CC25C8003C00CE461B /* XJJConfig.swift in Sources */ = {isa = PBXBuildFile; fileRef = F96961CB25C8003C00CE461B /* XJJConfig.swift */; };
		F96961DF25C8004400CE461B /* XJJTheme.swift in Sources */ = {isa = PBXBuildFile; fileRef = F96961D125C8004400CE461B /* XJJTheme.swift */; };
		F96961E025C8004400CE461B /* String+Extension.swift in Sources */ = {isa = PBXBuildFile; fileRef = F96961D525C8004400CE461B /* String+Extension.swift */; };
		F96961E125C8004400CE461B /* XJJBaseViewController.swift in Sources */ = {isa = PBXBuildFile; fileRef = F96961D925C8004400CE461B /* XJJBaseViewController.swift */; };
		F96961E225C8004400CE461B /* XJJNavigationController.swift in Sources */ = {isa = PBXBuildFile; fileRef = F96961DA25C8004400CE461B /* XJJNavigationController.swift */; };
		F96961E325C8004400CE461B /* XJJCheck.swift in Sources */ = {isa = PBXBuildFile; fileRef = F96961DC25C8004400CE461B /* XJJCheck.swift */; };
		F96961E425C8004400CE461B /* XJJText.swift in Sources */ = {isa = PBXBuildFile; fileRef = F96961DD25C8004400CE461B /* XJJText.swift */; };
		F96B6688264A718000020BF5 /* xjj_image01.jpeg in Resources */ = {isa = PBXBuildFile; fileRef = F96B6687264A718000020BF5 /* xjj_image01.jpeg */; };
		F976C55125F369C700C4B3CB /* XJJAsyncSocket.swift in Sources */ = {isa = PBXBuildFile; fileRef = F976C55025F369C700C4B3CB /* XJJAsyncSocket.swift */; };
		F98950C925E0A57E00538A29 /* UITableView+Extension.swift in Sources */ = {isa = PBXBuildFile; fileRef = F98950C825E0A57E00538A29 /* UITableView+Extension.swift */; };
		F98950CE25E0A59900538A29 /* UIScrollView+Extension.swift in Sources */ = {isa = PBXBuildFile; fileRef = F98950CD25E0A59900538A29 /* UIScrollView+Extension.swift */; };
		F98950D325E0BD6000538A29 /* UIDevice+Extension.swift in Sources */ = {isa = PBXBuildFile; fileRef = F98950D225E0BD6000538A29 /* UIDevice+Extension.swift */; };
		F98950D925E0E83D00538A29 /* XJJNewsView.swift in Sources */ = {isa = PBXBuildFile; fileRef = F98950D825E0E83D00538A29 /* XJJNewsView.swift */; };
		F98950E325E0E98600538A29 /* XJJNewsTitleView.swift in Sources */ = {isa = PBXBuildFile; fileRef = F98950E225E0E98600538A29 /* XJJNewsTitleView.swift */; };
		F98950E825E0E99900538A29 /* XJJNewsContentView.swift in Sources */ = {isa = PBXBuildFile; fileRef = F98950E725E0E99900538A29 /* XJJNewsContentView.swift */; };
		F98950EE25E0EB6F00538A29 /* XJJNewsTitleCell.swift in Sources */ = {isa = PBXBuildFile; fileRef = F98950ED25E0EB6F00538A29 /* XJJNewsTitleCell.swift */; };
		F98950F325E0F95400538A29 /* XJJNewsTitleCellItem.swift in Sources */ = {isa = PBXBuildFile; fileRef = F98950F225E0F95400538A29 /* XJJNewsTitleCellItem.swift */; };
		F990213B26C2306600ECABDD /* XJJAlert+Table.swift in Sources */ = {isa = PBXBuildFile; fileRef = F990213A26C2306600ECABDD /* XJJAlert+Table.swift */; };
		F9985DFE262D20620033BF42 /* XJJVideoProgressBar.swift in Sources */ = {isa = PBXBuildFile; fileRef = F9985DFD262D20620033BF42 /* XJJVideoProgressBar.swift */; };
		F99F4162267345FE00278741 /* UIViewController+Extension.swift in Sources */ = {isa = PBXBuildFile; fileRef = F99F4161267345FE00278741 /* UIViewController+Extension.swift */; };
		F9A53B642616C5320019824A /* XJJVideoPlayer.swift in Sources */ = {isa = PBXBuildFile; fileRef = F9A53B632616C5320019824A /* XJJVideoPlayer.swift */; };
		F9A53B692616FD830019824A /* XJJVideoAsset.swift in Sources */ = {isa = PBXBuildFile; fileRef = F9A53B682616FD830019824A /* XJJVideoAsset.swift */; };
		F9A77B4B25F218E200142266 /* XJJFTP.swift in Sources */ = {isa = PBXBuildFile; fileRef = F9A77B4A25F218E200142266 /* XJJFTP.swift */; };
		F9A77B5025F2195900142266 /* XJJFTPClient.swift in Sources */ = {isa = PBXBuildFile; fileRef = F9A77B4F25F2195900142266 /* XJJFTPClient.swift */; };
		F9A77B5525F21AD500142266 /* XJJFTPConfig.swift in Sources */ = {isa = PBXBuildFile; fileRef = F9A77B5425F21AD500142266 /* XJJFTPConfig.swift */; };
		F9A77B5A25F21CB900142266 /* XJJFTPServer.swift in Sources */ = {isa = PBXBuildFile; fileRef = F9A77B5925F21CB900142266 /* XJJFTPServer.swift */; };
		F9A77B5F25F2283200142266 /* XJJFTPModel.swift in Sources */ = {isa = PBXBuildFile; fileRef = F9A77B5E25F2283200142266 /* XJJFTPModel.swift */; };
		F9BAF46625E3622900A16B47 /* UIColor+Extension.swift in Sources */ = {isa = PBXBuildFile; fileRef = F9BAF46525E3622900A16B47 /* UIColor+Extension.swift */; };
		F9BAF46C25E3648000A16B47 /* XJJNewsContentCell.swift in Sources */ = {isa = PBXBuildFile; fileRef = F9BAF46B25E3648000A16B47 /* XJJNewsContentCell.swift */; };
		F9BAF47125E364E000A16B47 /* XJJNewsContentCellItem.swift in Sources */ = {isa = PBXBuildFile; fileRef = F9BAF47025E364E000A16B47 /* XJJNewsContentCellItem.swift */; };
		F9BAF48325E3967C00A16B47 /* XJJRefresh.swift in Sources */ = {isa = PBXBuildFile; fileRef = F9BAF48225E3967C00A16B47 /* XJJRefresh.swift */; };
		F9BAF49525E3AF1F00A16B47 /* XJJRefreshControl.swift in Sources */ = {isa = PBXBuildFile; fileRef = F9BAF49425E3AF1F00A16B47 /* XJJRefreshControl.swift */; };
		F9C31F6825E2121C00097909 /* Array+Extension.swift in Sources */ = {isa = PBXBuildFile; fileRef = F9C31F6725E2121C00097909 /* Array+Extension.swift */; };
		F9D54EC62626D036008BEE30 /* XJJVideoPlayerMenu.swift in Sources */ = {isa = PBXBuildFile; fileRef = F9D54EC52626D036008BEE30 /* XJJVideoPlayerMenu.swift */; };
		F9D54ECB2626D289008BEE30 /* XJJVideoPlayerMenuTopView.swift in Sources */ = {isa = PBXBuildFile; fileRef = F9D54ECA2626D289008BEE30 /* XJJVideoPlayerMenuTopView.swift */; };
		F9D54ED02626D2B1008BEE30 /* XJJVideoPlayerMenuLeftView.swift in Sources */ = {isa = PBXBuildFile; fileRef = F9D54ECF2626D2B1008BEE30 /* XJJVideoPlayerMenuLeftView.swift */; };
		F9D54ED52626D2C5008BEE30 /* XJJVideoPlayerMenuRightView.swift in Sources */ = {isa = PBXBuildFile; fileRef = F9D54ED42626D2C5008BEE30 /* XJJVideoPlayerMenuRightView.swift */; };
		F9D54EDA2626D2DA008BEE30 /* XJJVideoPlayerMenuBottomView.swift in Sources */ = {isa = PBXBuildFile; fileRef = F9D54ED92626D2DA008BEE30 /* XJJVideoPlayerMenuBottomView.swift */; };
		F9D6915D260B161100089B8F /* XJJStream.swift in Sources */ = {isa = PBXBuildFile; fileRef = F9D6915C260B161100089B8F /* XJJStream.swift */; };
		F9D69168260B2CAA00089B8F /* XJJMMSConfig.swift in Sources */ = {isa = PBXBuildFile; fileRef = F9D69167260B2CAA00089B8F /* XJJMMSConfig.swift */; };
		F9DA6C7F26B3B10900D034D0 /* XJJAlertListViewController.swift in Sources */ = {isa = PBXBuildFile; fileRef = F9DA6C7E26B3B10900D034D0 /* XJJAlertListViewController.swift */; };
		F9E3D70E26671B680072C9C8 /* XJJVideoLandscapeViewController.swift in Sources */ = {isa = PBXBuildFile; fileRef = F9E3D70D26671B680072C9C8 /* XJJVideoLandscapeViewController.swift */; };
		F9E7A79426BA376D0065B5B2 /* XJJTextView.swift in Sources */ = {isa = PBXBuildFile; fileRef = F9E7A79326BA376D0065B5B2 /* XJJTextView.swift */; };
		F9E7A79626BA40040065B5B2 /* UITextView+Extension.swift in Sources */ = {isa = PBXBuildFile; fileRef = F9E7A79526BA40040065B5B2 /* UITextView+Extension.swift */; };
		F9E8B8A625CBC421002E2664 /* 迷你简书魏.ttf in Resources */ = {isa = PBXBuildFile; fileRef = F9E8B8A525CBC421002E2664 /* 迷你简书魏.ttf */; };
		F9E8B8AB25CBCFCC002E2664 /* 汉仪秦川飞影体.ttf in Resources */ = {isa = PBXBuildFile; fileRef = F9E8B8AA25CBCFCC002E2664 /* 汉仪秦川飞影体.ttf */; };
		F9E8B8B825CBD1E3002E2664 /* 字体说明 in Resources */ = {isa = PBXBuildFile; fileRef = F9E8B8B725CBD1E3002E2664 /* 字体说明 */; };
		F9E8B8BD25CBE859002E2664 /* TestViewController.swift in Sources */ = {isa = PBXBuildFile; fileRef = F9E8B8BC25CBE859002E2664 /* TestViewController.swift */; };
		F9E8B8C225CBEDE0002E2664 /* XJJNavigationTitleView.swift in Sources */ = {isa = PBXBuildFile; fileRef = F9E8B8C125CBEDE0002E2664 /* XJJNavigationTitleView.swift */; };
		F9E8B8C725CBF752002E2664 /* UIView+Extension.swift in Sources */ = {isa = PBXBuildFile; fileRef = F9E8B8C625CBF752002E2664 /* UIView+Extension.swift */; };
		F9EA8AB425E62AA600FE563B /* XJJNewsTableView.swift in Sources */ = {isa = PBXBuildFile; fileRef = F9EA8AB325E62AA600FE563B /* XJJNewsTableView.swift */; };
		F9EA8ABA25E62B5C00FE563B /* XJJNewsTableOneCell.swift in Sources */ = {isa = PBXBuildFile; fileRef = F9EA8AB925E62B5C00FE563B /* XJJNewsTableOneCell.swift */; };
		F9EA8ABF25E64DEB00FE563B /* XJJTheme+Normal.swift in Sources */ = {isa = PBXBuildFile; fileRef = F9EA8ABE25E64DEB00FE563B /* XJJTheme+Normal.swift */; };
		F9EA8AC425E64E4400FE563B /* XJJTheme+XinNian.swift in Sources */ = {isa = PBXBuildFile; fileRef = F9EA8AC325E64E4400FE563B /* XJJTheme+XinNian.swift */; };
		F9EA8ACA25E651B500FE563B /* XJJAlert+Sheet.swift in Sources */ = {isa = PBXBuildFile; fileRef = F9EA8AC925E651B500FE563B /* XJJAlert+Sheet.swift */; };
		F9EA8ACF25E655EB00FE563B /* XJJProtocol.swift in Sources */ = {isa = PBXBuildFile; fileRef = F9EA8ACE25E655EB00FE563B /* XJJProtocol.swift */; };
		F9F3A14D25E8CB8700213C98 /* XJJNewsModel.swift in Sources */ = {isa = PBXBuildFile; fileRef = F9F3A14C25E8CB8700213C98 /* XJJNewsModel.swift */; };
		F9F6ABFF26B7DB0000EFAF3E /* XJJTextField.swift in Sources */ = {isa = PBXBuildFile; fileRef = F9F6ABFE26B7DB0000EFAF3E /* XJJTextField.swift */; };
		F9F6AC0126B7E69D00EFAF3E /* XJJMatch.swift in Sources */ = {isa = PBXBuildFile; fileRef = F9F6AC0026B7E69D00EFAF3E /* XJJMatch.swift */; };
		F9FA20A225E4A06600DC0421 /* XJJRefreshControlView.swift in Sources */ = {isa = PBXBuildFile; fileRef = F9FA20A125E4A06600DC0421 /* XJJRefreshControlView.swift */; };
		F9FA20A725E4A83700DC0421 /* Date+ Extension.swift in Sources */ = {isa = PBXBuildFile; fileRef = F9FA20A625E4A83700DC0421 /* Date+ Extension.swift */; };
		F9FA20AC25E4AE7700DC0421 /* UIImage+Extension.swift in Sources */ = {isa = PBXBuildFile; fileRef = F9FA20AB25E4AE7700DC0421 /* UIImage+Extension.swift */; };
		F9FA20B425E4FA0D00DC0421 /* XJJLoadMoreControl.swift in Sources */ = {isa = PBXBuildFile; fileRef = F9FA20B325E4FA0D00DC0421 /* XJJLoadMoreControl.swift */; };
		F9FA20B925E4FD9900DC0421 /* XJJLoadMoreControlView.swift in Sources */ = {isa = PBXBuildFile; fileRef = F9FA20B825E4FD9900DC0421 /* XJJLoadMoreControlView.swift */; };
/* End PBXBuildFile section */

/* Begin PBXContainerItemProxy section */
		F96961A325C7FEF400CE461B /* PBXContainerItemProxy */ = {
			isa = PBXContainerItemProxy;
			containerPortal = F969618425C7FEEB00CE461B /* Project object */;
			proxyType = 1;
			remoteGlobalIDString = F969618B25C7FEEB00CE461B;
			remoteInfo = XJJSwiftDome;
		};
		F96961AE25C7FEF400CE461B /* PBXContainerItemProxy */ = {
			isa = PBXContainerItemProxy;
			containerPortal = F969618425C7FEEB00CE461B /* Project object */;
			proxyType = 1;
			remoteGlobalIDString = F969618B25C7FEEB00CE461B;
			remoteInfo = XJJSwiftDome;
		};
/* End PBXContainerItemProxy section */

/* Begin PBXFileReference section */
		3364065CDC2F4E9C1DA9DC1F /* Pods-XJJSwiftDome.release.xcconfig */ = {isa = PBXFileReference; includeInIndex = 1; lastKnownFileType = text.xcconfig; name = "Pods-XJJSwiftDome.release.xcconfig"; path = "Target Support Files/Pods-XJJSwiftDome/Pods-XJJSwiftDome.release.xcconfig"; sourceTree = "<group>"; };
		5AF7785B451716AA12F73CC3 /* libPods-XJJSwiftDome.a */ = {isa = PBXFileReference; explicitFileType = archive.ar; includeInIndex = 0; path = "libPods-XJJSwiftDome.a"; sourceTree = BUILT_PRODUCTS_DIR; };
		AD3212D92F355CAFBD016880 /* Pods-XJJSwiftDome.debug.xcconfig */ = {isa = PBXFileReference; includeInIndex = 1; lastKnownFileType = text.xcconfig; name = "Pods-XJJSwiftDome.debug.xcconfig"; path = "Target Support Files/Pods-XJJSwiftDome/Pods-XJJSwiftDome.debug.xcconfig"; sourceTree = "<group>"; };
		F901ECB826B27D77009112C3 /* XJJAlert.swift */ = {isa = PBXFileReference; lastKnownFileType = sourcecode.swift; path = XJJAlert.swift; sourceTree = "<group>"; };
		F901ECBD26B28281009112C3 /* XJJAlertBackgroundView.swift */ = {isa = PBXFileReference; lastKnownFileType = sourcecode.swift; path = XJJAlertBackgroundView.swift; sourceTree = "<group>"; };
		F901ECBF26B287DA009112C3 /* XJJAlertPromptView.swift */ = {isa = PBXFileReference; lastKnownFileType = sourcecode.swift; path = XJJAlertPromptView.swift; sourceTree = "<group>"; };
		F901ECC126B289E7009112C3 /* XJJAlert+Prompt.swift */ = {isa = PBXFileReference; lastKnownFileType = sourcecode.swift; path = "XJJAlert+Prompt.swift"; sourceTree = "<group>"; };
		F917EC9F26BCDA0900B9A7A6 /* XJJAlertTableView.swift */ = {isa = PBXFileReference; lastKnownFileType = sourcecode.swift; path = XJJAlertTableView.swift; sourceTree = "<group>"; };
		F917ECA226BD39F500B9A7A6 /* XJJRHLabel.swift */ = {isa = PBXFileReference; lastKnownFileType = sourcecode.swift; path = XJJRHLabel.swift; sourceTree = "<group>"; };
		F924CC492649335D00D94946 /* XJJScreen.swift */ = {isa = PBXFileReference; lastKnownFileType = sourcecode.swift; path = XJJScreen.swift; sourceTree = "<group>"; };
		F9274850264A686B00CE1928 /* XJJImages.swift */ = {isa = PBXFileReference; lastKnownFileType = sourcecode.swift; path = XJJImages.swift; sourceTree = "<group>"; };
		F927E03926BB8E04001DA586 /* XJJActivityIndicatorView.swift */ = {isa = PBXFileReference; lastKnownFileType = sourcecode.swift; path = XJJActivityIndicatorView.swift; sourceTree = "<group>"; };
		F927E03B26BB9731001DA586 /* XJJAlert+ActivityIndicator.swift */ = {isa = PBXFileReference; lastKnownFileType = sourcecode.swift; path = "XJJAlert+ActivityIndicator.swift"; sourceTree = "<group>"; };
		F927E03D26BBBF75001DA586 /* XJJAlertPickerView.swift */ = {isa = PBXFileReference; lastKnownFileType = sourcecode.swift; path = XJJAlertPickerView.swift; sourceTree = "<group>"; };
		F927E03F26BBD0E0001DA586 /* XJJAlert+Picker.swift */ = {isa = PBXFileReference; lastKnownFileType = sourcecode.swift; path = "XJJAlert+Picker.swift"; sourceTree = "<group>"; };
		F92DDB3B25CD2D0C00B390FE /* XJJTabBarController.swift */ = {isa = PBXFileReference; lastKnownFileType = sourcecode.swift; path = XJJTabBarController.swift; sourceTree = "<group>"; };
		F92DDB4025CD2EC400B390FE /* XJJTimer.swift */ = {isa = PBXFileReference; lastKnownFileType = sourcecode.swift; path = XJJTimer.swift; sourceTree = "<group>"; };
		F92DDB4725CD34C200B390FE /* XJJTimerViewController.swift */ = {isa = PBXFileReference; lastKnownFileType = sourcecode.swift; path = XJJTimerViewController.swift; sourceTree = "<group>"; };
		F92DDB4F25CD391800B390FE /* XJJMainViewController.swift */ = {isa = PBXFileReference; lastKnownFileType = sourcecode.swift; path = XJJMainViewController.swift; sourceTree = "<group>"; };
		F92DDB5925CD40CB00B390FE /* XJJNewsViewController.swift */ = {isa = PBXFileReference; lastKnownFileType = sourcecode.swift; path = XJJNewsViewController.swift; sourceTree = "<group>"; };
		F92DDB5E25CD40EF00B390FE /* XJJMyViewController.swift */ = {isa = PBXFileReference; lastKnownFileType = sourcecode.swift; path = XJJMyViewController.swift; sourceTree = "<group>"; };
		F92DDB6325CD48F300B390FE /* UILabel+Extension.swift */ = {isa = PBXFileReference; lastKnownFileType = sourcecode.swift; path = "UILabel+Extension.swift"; sourceTree = "<group>"; };
		F930A496262AC01B00710842 /* UIImageView+Extension.swift */ = {isa = PBXFileReference; lastKnownFileType = sourcecode.swift; path = "UIImageView+Extension.swift"; sourceTree = "<group>"; };
		F930DA9C25E8A0DB007459FC /* XJJNewsTableItem.swift */ = {isa = PBXFileReference; lastKnownFileType = sourcecode.swift; path = XJJNewsTableItem.swift; sourceTree = "<group>"; };
		F930DAA525E8A11F007459FC /* XJJNewsItem.swift */ = {isa = PBXFileReference; lastKnownFileType = sourcecode.swift; path = XJJNewsItem.swift; sourceTree = "<group>"; };
		F937FB7725ECE7160073351E /* XJJNewsVideoView.swift */ = {isa = PBXFileReference; lastKnownFileType = sourcecode.swift; path = XJJNewsVideoView.swift; sourceTree = "<group>"; };
		F937FB7D25ECEB3A0073351E /* VideoUrls */ = {isa = PBXFileReference; lastKnownFileType = text; path = VideoUrls; sourceTree = "<group>"; };
		F937FB8325ECEC240073351E /* XJJVideoSource.plist */ = {isa = PBXFileReference; lastKnownFileType = text.plist.xml; path = XJJVideoSource.plist; sourceTree = "<group>"; };
		F937FB8825ECEF190073351E /* XJJVideo.swift */ = {isa = PBXFileReference; lastKnownFileType = sourcecode.swift; path = XJJVideo.swift; sourceTree = "<group>"; };
		F937FB8D25ECF08C0073351E /* XJJVideoItem.swift */ = {isa = PBXFileReference; lastKnownFileType = sourcecode.swift; path = XJJVideoItem.swift; sourceTree = "<group>"; };
		F93BF4BE264F7CE6003E1CDC /* XJJVideoPlayerMenuCenterView.swift */ = {isa = PBXFileReference; lastKnownFileType = sourcecode.swift; path = XJJVideoPlayerMenuCenterView.swift; sourceTree = "<group>"; };
		F943955325EC9CD400C56E3C /* XJJFile.swift */ = {isa = PBXFileReference; lastKnownFileType = sourcecode.swift; path = XJJFile.swift; sourceTree = "<group>"; };
		F949392D26B9371900E1BC31 /* UITextField+Extension.swift */ = {isa = PBXFileReference; lastKnownFileType = sourcecode.swift; path = "UITextField+Extension.swift"; sourceTree = "<group>"; };
		F950216B265E316800EDD434 /* XJJTools.swift */ = {isa = PBXFileReference; lastKnownFileType = sourcecode.swift; path = XJJTools.swift; sourceTree = "<group>"; };
		F95CBB4B25EDD9FB008A758D /* Data+Extension.swift */ = {isa = PBXFileReference; lastKnownFileType = sourcecode.swift; path = "Data+Extension.swift"; sourceTree = "<group>"; };
		F95CBB5225EDEE63008A758D /* XJJHTTP.swift */ = {isa = PBXFileReference; lastKnownFileType = sourcecode.swift; path = XJJHTTP.swift; sourceTree = "<group>"; };
		F95CBB5725EDEF46008A758D /* XJJHTTPManager.swift */ = {isa = PBXFileReference; lastKnownFileType = sourcecode.swift; path = XJJHTTPManager.swift; sourceTree = "<group>"; };
		F95CBB5C25EDEF84008A758D /* XJJHTTPRequest.swift */ = {isa = PBXFileReference; lastKnownFileType = sourcecode.swift; path = XJJHTTPRequest.swift; sourceTree = "<group>"; };
		F95CBB6125EDF020008A758D /* XJJHTTPTask.swift */ = {isa = PBXFileReference; lastKnownFileType = sourcecode.swift; path = XJJHTTPTask.swift; sourceTree = "<group>"; };
		F95CBB6625EDF051008A758D /* XJJHTTPDataType.swift */ = {isa = PBXFileReference; lastKnownFileType = sourcecode.swift; path = XJJHTTPDataType.swift; sourceTree = "<group>"; };
		F95CBB6B25EDF080008A758D /* XJJHTTPResponse.swift */ = {isa = PBXFileReference; lastKnownFileType = sourcecode.swift; path = XJJHTTPResponse.swift; sourceTree = "<group>"; };
		F95CBB7025EDF09A008A758D /* XJJHTTPResult.swift */ = {isa = PBXFileReference; lastKnownFileType = sourcecode.swift; path = XJJHTTPResult.swift; sourceTree = "<group>"; };
		F9649EFD26005EDF00DC0E47 /* XJJMMSModel.swift */ = {isa = PBXFileReference; lastKnownFileType = sourcecode.swift; path = XJJMMSModel.swift; sourceTree = "<group>"; };
		F9649F0A2600611B00DC0E47 /* XJJGUID.swift */ = {isa = PBXFileReference; lastKnownFileType = sourcecode.swift; path = XJJGUID.swift; sourceTree = "<group>"; };
		F9649F1B2600A52200DC0E47 /* XJJMMSClient.swift */ = {isa = PBXFileReference; lastKnownFileType = sourcecode.swift; path = XJJMMSClient.swift; sourceTree = "<group>"; };
		F9649F202600A55B00DC0E47 /* XJJMMS.swift */ = {isa = PBXFileReference; lastKnownFileType = sourcecode.swift; path = XJJMMS.swift; sourceTree = "<group>"; };
		F96954022623E19300E4D41B /* XJJVideoPlayerItem.swift */ = {isa = PBXFileReference; lastKnownFileType = sourcecode.swift; path = XJJVideoPlayerItem.swift; sourceTree = "<group>"; };
		F969618C25C7FEEB00CE461B /* XJJSwiftDome.app */ = {isa = PBXFileReference; explicitFileType = wrapper.application; includeInIndex = 0; path = XJJSwiftDome.app; sourceTree = BUILT_PRODUCTS_DIR; };
		F969618F25C7FEEB00CE461B /* AppDelegate.swift */ = {isa = PBXFileReference; lastKnownFileType = sourcecode.swift; path = AppDelegate.swift; sourceTree = "<group>"; };
		F969619325C7FEEB00CE461B /* ViewController.swift */ = {isa = PBXFileReference; lastKnownFileType = sourcecode.swift; path = ViewController.swift; sourceTree = "<group>"; };
		F969619825C7FEF400CE461B /* Assets.xcassets */ = {isa = PBXFileReference; lastKnownFileType = folder.assetcatalog; path = Assets.xcassets; sourceTree = "<group>"; };
		F969619B25C7FEF400CE461B /* Base */ = {isa = PBXFileReference; lastKnownFileType = file.storyboard; name = Base; path = Base.lproj/LaunchScreen.storyboard; sourceTree = "<group>"; };
		F969619D25C7FEF400CE461B /* Info.plist */ = {isa = PBXFileReference; lastKnownFileType = text.plist.xml; path = Info.plist; sourceTree = "<group>"; };
		F96961A225C7FEF400CE461B /* XJJSwiftDomeTests.xctest */ = {isa = PBXFileReference; explicitFileType = wrapper.cfbundle; includeInIndex = 0; path = XJJSwiftDomeTests.xctest; sourceTree = BUILT_PRODUCTS_DIR; };
		F96961A625C7FEF400CE461B /* XJJSwiftDomeTests.swift */ = {isa = PBXFileReference; lastKnownFileType = sourcecode.swift; path = XJJSwiftDomeTests.swift; sourceTree = "<group>"; };
		F96961A825C7FEF400CE461B /* Info.plist */ = {isa = PBXFileReference; lastKnownFileType = text.plist.xml; path = Info.plist; sourceTree = "<group>"; };
		F96961AD25C7FEF400CE461B /* XJJSwiftDomeUITests.xctest */ = {isa = PBXFileReference; explicitFileType = wrapper.cfbundle; includeInIndex = 0; path = XJJSwiftDomeUITests.xctest; sourceTree = BUILT_PRODUCTS_DIR; };
		F96961B125C7FEF400CE461B /* XJJSwiftDomeUITests.swift */ = {isa = PBXFileReference; lastKnownFileType = sourcecode.swift; path = XJJSwiftDomeUITests.swift; sourceTree = "<group>"; };
		F96961B325C7FEF400CE461B /* Info.plist */ = {isa = PBXFileReference; lastKnownFileType = text.plist.xml; path = Info.plist; sourceTree = "<group>"; };
		F96961CB25C8003C00CE461B /* XJJConfig.swift */ = {isa = PBXFileReference; fileEncoding = 4; lastKnownFileType = sourcecode.swift; path = XJJConfig.swift; sourceTree = "<group>"; };
		F96961D125C8004400CE461B /* XJJTheme.swift */ = {isa = PBXFileReference; fileEncoding = 4; lastKnownFileType = sourcecode.swift; path = XJJTheme.swift; sourceTree = "<group>"; };
		F96961D525C8004400CE461B /* String+Extension.swift */ = {isa = PBXFileReference; fileEncoding = 4; lastKnownFileType = sourcecode.swift; path = "String+Extension.swift"; sourceTree = "<group>"; };
		F96961D925C8004400CE461B /* XJJBaseViewController.swift */ = {isa = PBXFileReference; fileEncoding = 4; lastKnownFileType = sourcecode.swift; path = XJJBaseViewController.swift; sourceTree = "<group>"; };
		F96961DA25C8004400CE461B /* XJJNavigationController.swift */ = {isa = PBXFileReference; fileEncoding = 4; lastKnownFileType = sourcecode.swift; path = XJJNavigationController.swift; sourceTree = "<group>"; };
		F96961DC25C8004400CE461B /* XJJCheck.swift */ = {isa = PBXFileReference; fileEncoding = 4; lastKnownFileType = sourcecode.swift; name = XJJCheck.swift; path = ../Other/XJJCheck.swift; sourceTree = "<group>"; };
		F96961DD25C8004400CE461B /* XJJText.swift */ = {isa = PBXFileReference; fileEncoding = 4; lastKnownFileType = sourcecode.swift; path = XJJText.swift; sourceTree = "<group>"; };
		F96B6687264A718000020BF5 /* xjj_image01.jpeg */ = {isa = PBXFileReference; lastKnownFileType = image.jpeg; path = xjj_image01.jpeg; sourceTree = "<group>"; };
		F976C55025F369C700C4B3CB /* XJJAsyncSocket.swift */ = {isa = PBXFileReference; lastKnownFileType = sourcecode.swift; path = XJJAsyncSocket.swift; sourceTree = "<group>"; };
		F98950C825E0A57E00538A29 /* UITableView+Extension.swift */ = {isa = PBXFileReference; lastKnownFileType = sourcecode.swift; path = "UITableView+Extension.swift"; sourceTree = "<group>"; };
		F98950CD25E0A59900538A29 /* UIScrollView+Extension.swift */ = {isa = PBXFileReference; lastKnownFileType = sourcecode.swift; path = "UIScrollView+Extension.swift"; sourceTree = "<group>"; };
		F98950D225E0BD6000538A29 /* UIDevice+Extension.swift */ = {isa = PBXFileReference; lastKnownFileType = sourcecode.swift; path = "UIDevice+Extension.swift"; sourceTree = "<group>"; };
		F98950D825E0E83D00538A29 /* XJJNewsView.swift */ = {isa = PBXFileReference; lastKnownFileType = sourcecode.swift; path = XJJNewsView.swift; sourceTree = "<group>"; };
		F98950E225E0E98600538A29 /* XJJNewsTitleView.swift */ = {isa = PBXFileReference; lastKnownFileType = sourcecode.swift; path = XJJNewsTitleView.swift; sourceTree = "<group>"; };
		F98950E725E0E99900538A29 /* XJJNewsContentView.swift */ = {isa = PBXFileReference; lastKnownFileType = sourcecode.swift; path = XJJNewsContentView.swift; sourceTree = "<group>"; };
		F98950ED25E0EB6F00538A29 /* XJJNewsTitleCell.swift */ = {isa = PBXFileReference; lastKnownFileType = sourcecode.swift; path = XJJNewsTitleCell.swift; sourceTree = "<group>"; };
		F98950F225E0F95400538A29 /* XJJNewsTitleCellItem.swift */ = {isa = PBXFileReference; lastKnownFileType = sourcecode.swift; path = XJJNewsTitleCellItem.swift; sourceTree = "<group>"; };
		F990213A26C2306600ECABDD /* XJJAlert+Table.swift */ = {isa = PBXFileReference; lastKnownFileType = sourcecode.swift; path = "XJJAlert+Table.swift"; sourceTree = "<group>"; };
		F9985DFD262D20620033BF42 /* XJJVideoProgressBar.swift */ = {isa = PBXFileReference; lastKnownFileType = sourcecode.swift; path = XJJVideoProgressBar.swift; sourceTree = "<group>"; };
		F99F4161267345FE00278741 /* UIViewController+Extension.swift */ = {isa = PBXFileReference; lastKnownFileType = sourcecode.swift; path = "UIViewController+Extension.swift"; sourceTree = "<group>"; };
		F9A53B632616C5320019824A /* XJJVideoPlayer.swift */ = {isa = PBXFileReference; lastKnownFileType = sourcecode.swift; path = XJJVideoPlayer.swift; sourceTree = "<group>"; };
		F9A53B682616FD830019824A /* XJJVideoAsset.swift */ = {isa = PBXFileReference; lastKnownFileType = sourcecode.swift; path = XJJVideoAsset.swift; sourceTree = "<group>"; };
		F9A77B3A25F20E1300142266 /* XJJSwiftDome-Bridging-Header.h */ = {isa = PBXFileReference; lastKnownFileType = sourcecode.c.h; path = "XJJSwiftDome-Bridging-Header.h"; sourceTree = "<group>"; };
		F9A77B4A25F218E200142266 /* XJJFTP.swift */ = {isa = PBXFileReference; lastKnownFileType = sourcecode.swift; path = XJJFTP.swift; sourceTree = "<group>"; };
		F9A77B4F25F2195900142266 /* XJJFTPClient.swift */ = {isa = PBXFileReference; lastKnownFileType = sourcecode.swift; path = XJJFTPClient.swift; sourceTree = "<group>"; };
		F9A77B5425F21AD500142266 /* XJJFTPConfig.swift */ = {isa = PBXFileReference; lastKnownFileType = sourcecode.swift; path = XJJFTPConfig.swift; sourceTree = "<group>"; };
		F9A77B5925F21CB900142266 /* XJJFTPServer.swift */ = {isa = PBXFileReference; lastKnownFileType = sourcecode.swift; path = XJJFTPServer.swift; sourceTree = "<group>"; };
		F9A77B5E25F2283200142266 /* XJJFTPModel.swift */ = {isa = PBXFileReference; lastKnownFileType = sourcecode.swift; path = XJJFTPModel.swift; sourceTree = "<group>"; };
		F9BAF46525E3622900A16B47 /* UIColor+Extension.swift */ = {isa = PBXFileReference; lastKnownFileType = sourcecode.swift; path = "UIColor+Extension.swift"; sourceTree = "<group>"; };
		F9BAF46B25E3648000A16B47 /* XJJNewsContentCell.swift */ = {isa = PBXFileReference; lastKnownFileType = sourcecode.swift; path = XJJNewsContentCell.swift; sourceTree = "<group>"; };
		F9BAF47025E364E000A16B47 /* XJJNewsContentCellItem.swift */ = {isa = PBXFileReference; lastKnownFileType = sourcecode.swift; path = XJJNewsContentCellItem.swift; sourceTree = "<group>"; };
		F9BAF48225E3967C00A16B47 /* XJJRefresh.swift */ = {isa = PBXFileReference; lastKnownFileType = sourcecode.swift; path = XJJRefresh.swift; sourceTree = "<group>"; };
		F9BAF49425E3AF1F00A16B47 /* XJJRefreshControl.swift */ = {isa = PBXFileReference; lastKnownFileType = sourcecode.swift; path = XJJRefreshControl.swift; sourceTree = "<group>"; };
		F9C31F6725E2121C00097909 /* Array+Extension.swift */ = {isa = PBXFileReference; lastKnownFileType = sourcecode.swift; path = "Array+Extension.swift"; sourceTree = "<group>"; };
		F9D54EC52626D036008BEE30 /* XJJVideoPlayerMenu.swift */ = {isa = PBXFileReference; lastKnownFileType = sourcecode.swift; path = XJJVideoPlayerMenu.swift; sourceTree = "<group>"; };
		F9D54ECA2626D289008BEE30 /* XJJVideoPlayerMenuTopView.swift */ = {isa = PBXFileReference; lastKnownFileType = sourcecode.swift; path = XJJVideoPlayerMenuTopView.swift; sourceTree = "<group>"; };
		F9D54ECF2626D2B1008BEE30 /* XJJVideoPlayerMenuLeftView.swift */ = {isa = PBXFileReference; lastKnownFileType = sourcecode.swift; path = XJJVideoPlayerMenuLeftView.swift; sourceTree = "<group>"; };
		F9D54ED42626D2C5008BEE30 /* XJJVideoPlayerMenuRightView.swift */ = {isa = PBXFileReference; lastKnownFileType = sourcecode.swift; path = XJJVideoPlayerMenuRightView.swift; sourceTree = "<group>"; };
		F9D54ED92626D2DA008BEE30 /* XJJVideoPlayerMenuBottomView.swift */ = {isa = PBXFileReference; lastKnownFileType = sourcecode.swift; path = XJJVideoPlayerMenuBottomView.swift; sourceTree = "<group>"; };
		F9D6915C260B161100089B8F /* XJJStream.swift */ = {isa = PBXFileReference; lastKnownFileType = sourcecode.swift; path = XJJStream.swift; sourceTree = "<group>"; };
		F9D69167260B2CAA00089B8F /* XJJMMSConfig.swift */ = {isa = PBXFileReference; lastKnownFileType = sourcecode.swift; path = XJJMMSConfig.swift; sourceTree = "<group>"; };
		F9DA6C7E26B3B10900D034D0 /* XJJAlertListViewController.swift */ = {isa = PBXFileReference; lastKnownFileType = sourcecode.swift; path = XJJAlertListViewController.swift; sourceTree = "<group>"; };
		F9E3D70D26671B680072C9C8 /* XJJVideoLandscapeViewController.swift */ = {isa = PBXFileReference; lastKnownFileType = sourcecode.swift; path = XJJVideoLandscapeViewController.swift; sourceTree = "<group>"; };
		F9E7A79326BA376D0065B5B2 /* XJJTextView.swift */ = {isa = PBXFileReference; lastKnownFileType = sourcecode.swift; path = XJJTextView.swift; sourceTree = "<group>"; };
		F9E7A79526BA40040065B5B2 /* UITextView+Extension.swift */ = {isa = PBXFileReference; lastKnownFileType = sourcecode.swift; path = "UITextView+Extension.swift"; sourceTree = "<group>"; };
		F9E8B8A525CBC421002E2664 /* 迷你简书魏.ttf */ = {isa = PBXFileReference; lastKnownFileType = file; path = "迷你简书魏.ttf"; sourceTree = "<group>"; };
		F9E8B8AA25CBCFCC002E2664 /* 汉仪秦川飞影体.ttf */ = {isa = PBXFileReference; lastKnownFileType = file; path = "汉仪秦川飞影体.ttf"; sourceTree = "<group>"; };
		F9E8B8B725CBD1E3002E2664 /* 字体说明 */ = {isa = PBXFileReference; lastKnownFileType = text; path = "字体说明"; sourceTree = "<group>"; };
		F9E8B8BC25CBE859002E2664 /* TestViewController.swift */ = {isa = PBXFileReference; lastKnownFileType = sourcecode.swift; path = TestViewController.swift; sourceTree = "<group>"; };
		F9E8B8C125CBEDE0002E2664 /* XJJNavigationTitleView.swift */ = {isa = PBXFileReference; lastKnownFileType = sourcecode.swift; path = XJJNavigationTitleView.swift; sourceTree = "<group>"; };
		F9E8B8C625CBF752002E2664 /* UIView+Extension.swift */ = {isa = PBXFileReference; lastKnownFileType = sourcecode.swift; path = "UIView+Extension.swift"; sourceTree = "<group>"; };
		F9EA8AB325E62AA600FE563B /* XJJNewsTableView.swift */ = {isa = PBXFileReference; lastKnownFileType = sourcecode.swift; path = XJJNewsTableView.swift; sourceTree = "<group>"; };
		F9EA8AB925E62B5C00FE563B /* XJJNewsTableOneCell.swift */ = {isa = PBXFileReference; lastKnownFileType = sourcecode.swift; path = XJJNewsTableOneCell.swift; sourceTree = "<group>"; };
		F9EA8ABE25E64DEB00FE563B /* XJJTheme+Normal.swift */ = {isa = PBXFileReference; lastKnownFileType = sourcecode.swift; path = "XJJTheme+Normal.swift"; sourceTree = "<group>"; };
		F9EA8AC325E64E4400FE563B /* XJJTheme+XinNian.swift */ = {isa = PBXFileReference; lastKnownFileType = sourcecode.swift; path = "XJJTheme+XinNian.swift"; sourceTree = "<group>"; };
		F9EA8AC925E651B500FE563B /* XJJAlert+Sheet.swift */ = {isa = PBXFileReference; lastKnownFileType = sourcecode.swift; path = "XJJAlert+Sheet.swift"; sourceTree = "<group>"; };
		F9EA8ACE25E655EB00FE563B /* XJJProtocol.swift */ = {isa = PBXFileReference; lastKnownFileType = sourcecode.swift; path = XJJProtocol.swift; sourceTree = "<group>"; };
		F9F3A14C25E8CB8700213C98 /* XJJNewsModel.swift */ = {isa = PBXFileReference; lastKnownFileType = sourcecode.swift; path = XJJNewsModel.swift; sourceTree = "<group>"; };
		F9F6ABFE26B7DB0000EFAF3E /* XJJTextField.swift */ = {isa = PBXFileReference; lastKnownFileType = sourcecode.swift; path = XJJTextField.swift; sourceTree = "<group>"; };
		F9F6AC0026B7E69D00EFAF3E /* XJJMatch.swift */ = {isa = PBXFileReference; lastKnownFileType = sourcecode.swift; path = XJJMatch.swift; sourceTree = "<group>"; };
		F9FA20A125E4A06600DC0421 /* XJJRefreshControlView.swift */ = {isa = PBXFileReference; lastKnownFileType = sourcecode.swift; path = XJJRefreshControlView.swift; sourceTree = "<group>"; };
		F9FA20A625E4A83700DC0421 /* Date+ Extension.swift */ = {isa = PBXFileReference; lastKnownFileType = sourcecode.swift; path = "Date+ Extension.swift"; sourceTree = "<group>"; };
		F9FA20AB25E4AE7700DC0421 /* UIImage+Extension.swift */ = {isa = PBXFileReference; lastKnownFileType = sourcecode.swift; path = "UIImage+Extension.swift"; sourceTree = "<group>"; };
		F9FA20B325E4FA0D00DC0421 /* XJJLoadMoreControl.swift */ = {isa = PBXFileReference; lastKnownFileType = sourcecode.swift; path = XJJLoadMoreControl.swift; sourceTree = "<group>"; };
		F9FA20B825E4FD9900DC0421 /* XJJLoadMoreControlView.swift */ = {isa = PBXFileReference; lastKnownFileType = sourcecode.swift; path = XJJLoadMoreControlView.swift; sourceTree = "<group>"; };
/* End PBXFileReference section */

/* Begin PBXFrameworksBuildPhase section */
		F969618925C7FEEB00CE461B /* Frameworks */ = {
			isa = PBXFrameworksBuildPhase;
			buildActionMask = 2147483647;
			files = (
				E3071FB8AEF29415BEBC7336 /* libPods-XJJSwiftDome.a in Frameworks */,
			);
			runOnlyForDeploymentPostprocessing = 0;
		};
		F969619F25C7FEF400CE461B /* Frameworks */ = {
			isa = PBXFrameworksBuildPhase;
			buildActionMask = 2147483647;
			files = (
			);
			runOnlyForDeploymentPostprocessing = 0;
		};
		F96961AA25C7FEF400CE461B /* Frameworks */ = {
			isa = PBXFrameworksBuildPhase;
			buildActionMask = 2147483647;
			files = (
			);
			runOnlyForDeploymentPostprocessing = 0;
		};
/* End PBXFrameworksBuildPhase section */

/* Begin PBXGroup section */
		6ACBFCD4A8CEC816B15B1D2C /* Pods */ = {
			isa = PBXGroup;
			children = (
				AD3212D92F355CAFBD016880 /* Pods-XJJSwiftDome.debug.xcconfig */,
				3364065CDC2F4E9C1DA9DC1F /* Pods-XJJSwiftDome.release.xcconfig */,
			);
			path = Pods;
			sourceTree = "<group>";
		};
		C3C2FA2CD6A2CA6B8B5A089B /* Frameworks */ = {
			isa = PBXGroup;
			children = (
				5AF7785B451716AA12F73CC3 /* libPods-XJJSwiftDome.a */,
			);
			name = Frameworks;
			sourceTree = "<group>";
		};
		F901ECBA26B27E03009112C3 /* Views */ = {
			isa = PBXGroup;
			children = (
				F901ECBD26B28281009112C3 /* XJJAlertBackgroundView.swift */,
				F901ECBF26B287DA009112C3 /* XJJAlertPromptView.swift */,
				F927E03926BB8E04001DA586 /* XJJActivityIndicatorView.swift */,
				F927E03D26BBBF75001DA586 /* XJJAlertPickerView.swift */,
				F917EC9F26BCDA0900B9A7A6 /* XJJAlertTableView.swift */,
			);
			path = Views;
			sourceTree = "<group>";
		};
		F917ECA126BD396E00B9A7A6 /* XJJLabel */ = {
			isa = PBXGroup;
			children = (
				F917ECA226BD39F500B9A7A6 /* XJJRHLabel.swift */,
			);
			path = XJJLabel;
			sourceTree = "<group>";
		};
		F924CC47264932FE00D94946 /* Tools */ = {
			isa = PBXGroup;
			children = (
				F96961DC25C8004400CE461B /* XJJCheck.swift */,
				F943955325EC9CD400C56E3C /* XJJFile.swift */,
				F92DDB4025CD2EC400B390FE /* XJJTimer.swift */,
				F9EA8ACE25E655EB00FE563B /* XJJProtocol.swift */,
				F924CC492649335D00D94946 /* XJJScreen.swift */,
				F950216B265E316800EDD434 /* XJJTools.swift */,
				F9F6AC0026B7E69D00EFAF3E /* XJJMatch.swift */,
			);
			path = Tools;
			sourceTree = "<group>";
		};
		F9274831264A66F400CE1928 /* XJJImage */ = {
			isa = PBXGroup;
			children = (
				F96B667B264A713200020BF5 /* source */,
				F9274850264A686B00CE1928 /* XJJImages.swift */,
			);
			path = XJJImage;
			sourceTree = "<group>";
		};
		F92DDB4525CD346C00B390FE /* Main */ = {
			isa = PBXGroup;
			children = (
				F92DDB4F25CD391800B390FE /* XJJMainViewController.swift */,
				F92DDB5425CD406F00B390FE /* News */,
				F92DDB4625CD348B00B390FE /* Timer */,
				F92DDB5525CD408200B390FE /* My */,
			);
			path = Main;
			sourceTree = "<group>";
		};
		F92DDB4625CD348B00B390FE /* Timer */ = {
			isa = PBXGroup;
			children = (
				F92DDB4725CD34C200B390FE /* XJJTimerViewController.swift */,
			);
			path = Timer;
			sourceTree = "<group>";
		};
		F92DDB5425CD406F00B390FE /* News */ = {
			isa = PBXGroup;
			children = (
				F92DDB5925CD40CB00B390FE /* XJJNewsViewController.swift */,
				F930DAA125E8A0EB007459FC /* Model */,
				F9EA8AAA25E6261D00FE563B /* Views */,
			);
			path = News;
			sourceTree = "<group>";
		};
		F92DDB5525CD408200B390FE /* My */ = {
			isa = PBXGroup;
			children = (
				F92DDB5E25CD40EF00B390FE /* XJJMyViewController.swift */,
			);
			path = My;
			sourceTree = "<group>";
		};
		F930DAA125E8A0EB007459FC /* Model */ = {
			isa = PBXGroup;
			children = (
				F9F3A14C25E8CB8700213C98 /* XJJNewsModel.swift */,
				F930DAA525E8A11F007459FC /* XJJNewsItem.swift */,
				F930DA9C25E8A0DB007459FC /* XJJNewsTableItem.swift */,
			);
			path = Model;
			sourceTree = "<group>";
		};
		F937FB7C25ECEB0E0073351E /* Other */ = {
			isa = PBXGroup;
			children = (
				F937FB7D25ECEB3A0073351E /* VideoUrls */,
			);
			path = Other;
			sourceTree = "<group>";
		};
		F937FB8225ECEBC00073351E /* XJJVideo */ = {
			isa = PBXGroup;
			children = (
				F9E3D70C26671A980072C9C8 /* Controller */,
				F9D54EC42626D00B008BEE30 /* Views */,
				F9D54EC32626CFD9008BEE30 /* Source */,
				F9A53B632616C5320019824A /* XJJVideoPlayer.swift */,
			);
			path = XJJVideo;
			sourceTree = "<group>";
		};
		F943954F25EC9C0400C56E3C /* XJJTheme */ = {
			isa = PBXGroup;
			children = (
				F96961D125C8004400CE461B /* XJJTheme.swift */,
				F9EA8ABE25E64DEB00FE563B /* XJJTheme+Normal.swift */,
				F9EA8AC325E64E4400FE563B /* XJJTheme+XinNian.swift */,
			);
			path = XJJTheme;
			sourceTree = "<group>";
		};
		F95CBB5025EDEE1C008A758D /* NetworkServer */ = {
			isa = PBXGroup;
			children = (
				F9D6915B260B15EB00089B8F /* XJJStream */,
				F9649F282600A6E200DC0E47 /* XJJSocket */,
				F9649F1A2600A47900DC0E47 /* XJJMMS */,
				F9D8836525F0DF6C00C52B18 /* XJJFTP */,
				F95CBB5125EDEE43008A758D /* XJJHTTP */,
			);
			path = NetworkServer;
			sourceTree = "<group>";
		};
		F95CBB5125EDEE43008A758D /* XJJHTTP */ = {
			isa = PBXGroup;
			children = (
				F95CBB5225EDEE63008A758D /* XJJHTTP.swift */,
				F95CBB5725EDEF46008A758D /* XJJHTTPManager.swift */,
				F95CBB5C25EDEF84008A758D /* XJJHTTPRequest.swift */,
				F95CBB6125EDF020008A758D /* XJJHTTPTask.swift */,
				F95CBB6625EDF051008A758D /* XJJHTTPDataType.swift */,
				F95CBB6B25EDF080008A758D /* XJJHTTPResponse.swift */,
				F95CBB7025EDF09A008A758D /* XJJHTTPResult.swift */,
			);
			path = XJJHTTP;
			sourceTree = "<group>";
		};
		F9649F1A2600A47900DC0E47 /* XJJMMS */ = {
			isa = PBXGroup;
			children = (
				F9649F202600A55B00DC0E47 /* XJJMMS.swift */,
				F9649F1B2600A52200DC0E47 /* XJJMMSClient.swift */,
				F9649EFD26005EDF00DC0E47 /* XJJMMSModel.swift */,
				F9D69167260B2CAA00089B8F /* XJJMMSConfig.swift */,
				F9649F0A2600611B00DC0E47 /* XJJGUID.swift */,
			);
			path = XJJMMS;
			sourceTree = "<group>";
		};
		F9649F282600A6E200DC0E47 /* XJJSocket */ = {
			isa = PBXGroup;
			children = (
				F976C55025F369C700C4B3CB /* XJJAsyncSocket.swift */,
			);
			path = XJJSocket;
			sourceTree = "<group>";
		};
		F969618325C7FEEB00CE461B = {
			isa = PBXGroup;
			children = (
				F969618E25C7FEEB00CE461B /* XJJSwiftDome */,
				F96961A525C7FEF400CE461B /* XJJSwiftDomeTests */,
				F96961B025C7FEF400CE461B /* XJJSwiftDomeUITests */,
				F969618D25C7FEEB00CE461B /* Products */,
				6ACBFCD4A8CEC816B15B1D2C /* Pods */,
				C3C2FA2CD6A2CA6B8B5A089B /* Frameworks */,
			);
			sourceTree = "<group>";
		};
		F969618D25C7FEEB00CE461B /* Products */ = {
			isa = PBXGroup;
			children = (
				F969618C25C7FEEB00CE461B /* XJJSwiftDome.app */,
				F96961A225C7FEF400CE461B /* XJJSwiftDomeTests.xctest */,
				F96961AD25C7FEF400CE461B /* XJJSwiftDomeUITests.xctest */,
			);
			name = Products;
			sourceTree = "<group>";
		};
		F969618E25C7FEEB00CE461B /* XJJSwiftDome */ = {
			isa = PBXGroup;
			children = (
				F96961D025C8004400CE461B /* Resource */,
				F969618F25C7FEEB00CE461B /* AppDelegate.swift */,
				F969619325C7FEEB00CE461B /* ViewController.swift */,
				F9E8B8BC25CBE859002E2664 /* TestViewController.swift */,
				F96961CB25C8003C00CE461B /* XJJConfig.swift */,
				F9DA6C7D26B3B0D100D034D0 /* Alert */,
				F92DDB4525CD346C00B390FE /* Main */,
				F969619825C7FEF400CE461B /* Assets.xcassets */,
				F969619A25C7FEF400CE461B /* LaunchScreen.storyboard */,
				F969619D25C7FEF400CE461B /* Info.plist */,
				F9A77B3A25F20E1300142266 /* XJJSwiftDome-Bridging-Header.h */,
			);
			path = XJJSwiftDome;
			sourceTree = "<group>";
		};
		F96961A525C7FEF400CE461B /* XJJSwiftDomeTests */ = {
			isa = PBXGroup;
			children = (
				F96961A625C7FEF400CE461B /* XJJSwiftDomeTests.swift */,
				F96961A825C7FEF400CE461B /* Info.plist */,
			);
			path = XJJSwiftDomeTests;
			sourceTree = "<group>";
		};
		F96961B025C7FEF400CE461B /* XJJSwiftDomeUITests */ = {
			isa = PBXGroup;
			children = (
				F96961B125C7FEF400CE461B /* XJJSwiftDomeUITests.swift */,
				F96961B325C7FEF400CE461B /* Info.plist */,
			);
			path = XJJSwiftDomeUITests;
			sourceTree = "<group>";
		};
		F96961D025C8004400CE461B /* Resource */ = {
			isa = PBXGroup;
			children = (
				F9274831264A66F400CE1928 /* XJJImage */,
				F937FB7C25ECEB0E0073351E /* Other */,
				F943954F25EC9C0400C56E3C /* XJJTheme */,
				F96961D225C8004400CE461B /* Extension */,
				F96961D625C8004400CE461B /* Fonts */,
				F96961D725C8004400CE461B /* custom */,
			);
			path = Resource;
			sourceTree = "<group>";
		};
		F96961D225C8004400CE461B /* Extension */ = {
			isa = PBXGroup;
			children = (
				F96961D325C8004400CE461B /* UI */,
				F96961D425C8004400CE461B /* BDC */,
			);
			path = Extension;
			sourceTree = "<group>";
		};
		F96961D325C8004400CE461B /* UI */ = {
			isa = PBXGroup;
			children = (
				F9E8B8C625CBF752002E2664 /* UIView+Extension.swift */,
				F92DDB6325CD48F300B390FE /* UILabel+Extension.swift */,
				F98950C825E0A57E00538A29 /* UITableView+Extension.swift */,
				F98950CD25E0A59900538A29 /* UIScrollView+Extension.swift */,
				F98950D225E0BD6000538A29 /* UIDevice+Extension.swift */,
				F9BAF46525E3622900A16B47 /* UIColor+Extension.swift */,
				F9FA20AB25E4AE7700DC0421 /* UIImage+Extension.swift */,
				F930A496262AC01B00710842 /* UIImageView+Extension.swift */,
				F99F4161267345FE00278741 /* UIViewController+Extension.swift */,
				F949392D26B9371900E1BC31 /* UITextField+Extension.swift */,
				F9E7A79526BA40040065B5B2 /* UITextView+Extension.swift */,
			);
			path = UI;
			sourceTree = "<group>";
		};
		F96961D425C8004400CE461B /* BDC */ = {
			isa = PBXGroup;
			children = (
				F96961D525C8004400CE461B /* String+Extension.swift */,
				F9C31F6725E2121C00097909 /* Array+Extension.swift */,
				F9FA20A625E4A83700DC0421 /* Date+ Extension.swift */,
				F95CBB4B25EDD9FB008A758D /* Data+Extension.swift */,
			);
			path = BDC;
			sourceTree = "<group>";
		};
		F96961D625C8004400CE461B /* Fonts */ = {
			isa = PBXGroup;
			children = (
				F9E8B8A525CBC421002E2664 /* 迷你简书魏.ttf */,
				F9E8B8AA25CBCFCC002E2664 /* 汉仪秦川飞影体.ttf */,
				F9E8B8B725CBD1E3002E2664 /* 字体说明 */,
			);
			path = Fonts;
			sourceTree = "<group>";
		};
		F96961D725C8004400CE461B /* custom */ = {
			isa = PBXGroup;
			children = (
				F924CC47264932FE00D94946 /* Tools */,
				F95CBB5025EDEE1C008A758D /* NetworkServer */,
				F96961D825C8004400CE461B /* Controller */,
				F96961DB25C8004400CE461B /* Model */,
				F96961DE25C8004400CE461B /* View */,
			);
			path = custom;
			sourceTree = "<group>";
		};
		F96961D825C8004400CE461B /* Controller */ = {
			isa = PBXGroup;
			children = (
				F96961D925C8004400CE461B /* XJJBaseViewController.swift */,
				F96961DA25C8004400CE461B /* XJJNavigationController.swift */,
				F92DDB3B25CD2D0C00B390FE /* XJJTabBarController.swift */,
			);
			path = Controller;
			sourceTree = "<group>";
		};
		F96961DB25C8004400CE461B /* Model */ = {
			isa = PBXGroup;
			children = (
				F96961DD25C8004400CE461B /* XJJText.swift */,
			);
			path = Model;
			sourceTree = "<group>";
		};
		F96961DE25C8004400CE461B /* View */ = {
			isa = PBXGroup;
			children = (
				F917ECA126BD396E00B9A7A6 /* XJJLabel */,
				F9F6ABFD26B7DAAC00EFAF3E /* XJJInputView */,
				F9F6ABFC26B7DA9300EFAF3E /* XJJNavigation */,
				F937FB8225ECEBC00073351E /* XJJVideo */,
				F9EA8AC825E6518D00FE563B /* XJJAlert */,
				F9BAF48125E3962100A16B47 /* XJJRefresh */,
				F98950D725E0E7F300538A29 /* XJJNews */,
			);
			path = View;
			sourceTree = "<group>";
		};
		F96B667B264A713200020BF5 /* source */ = {
			isa = PBXGroup;
			children = (
				F96B6687264A718000020BF5 /* xjj_image01.jpeg */,
			);
			path = source;
			sourceTree = "<group>";
		};
		F98950D725E0E7F300538A29 /* XJJNews */ = {
			isa = PBXGroup;
			children = (
				F98950D825E0E83D00538A29 /* XJJNewsView.swift */,
				F98950E025E0E95C00538A29 /* Title */,
				F98950E125E0E96500538A29 /* Content */,
			);
			path = XJJNews;
			sourceTree = "<group>";
		};
		F98950E025E0E95C00538A29 /* Title */ = {
			isa = PBXGroup;
			children = (
				F98950EC25E0EB5300538A29 /* Cells */,
				F98950E225E0E98600538A29 /* XJJNewsTitleView.swift */,
			);
			path = Title;
			sourceTree = "<group>";
		};
		F98950E125E0E96500538A29 /* Content */ = {
			isa = PBXGroup;
			children = (
				F9BAF46A25E3646700A16B47 /* Cells */,
				F98950E725E0E99900538A29 /* XJJNewsContentView.swift */,
			);
			path = Content;
			sourceTree = "<group>";
		};
		F98950EC25E0EB5300538A29 /* Cells */ = {
			isa = PBXGroup;
			children = (
				F98950ED25E0EB6F00538A29 /* XJJNewsTitleCell.swift */,
				F98950F225E0F95400538A29 /* XJJNewsTitleCellItem.swift */,
			);
			path = Cells;
			sourceTree = "<group>";
		};
		F9985DFC262D20330033BF42 /* SubViews */ = {
			isa = PBXGroup;
			children = (
				F9985DFD262D20620033BF42 /* XJJVideoProgressBar.swift */,
			);
			path = SubViews;
			sourceTree = "<group>";
		};
		F9BAF46A25E3646700A16B47 /* Cells */ = {
			isa = PBXGroup;
			children = (
				F9BAF46B25E3648000A16B47 /* XJJNewsContentCell.swift */,
				F9BAF47025E364E000A16B47 /* XJJNewsContentCellItem.swift */,
			);
			path = Cells;
			sourceTree = "<group>";
		};
		F9BAF48125E3962100A16B47 /* XJJRefresh */ = {
			isa = PBXGroup;
			children = (
				F9BAF48225E3967C00A16B47 /* XJJRefresh.swift */,
				F9BAF49425E3AF1F00A16B47 /* XJJRefreshControl.swift */,
				F9FA20A125E4A06600DC0421 /* XJJRefreshControlView.swift */,
				F9FA20B325E4FA0D00DC0421 /* XJJLoadMoreControl.swift */,
				F9FA20B825E4FD9900DC0421 /* XJJLoadMoreControlView.swift */,
			);
			path = XJJRefresh;
			sourceTree = "<group>";
		};
		F9D54EC32626CFD9008BEE30 /* Source */ = {
			isa = PBXGroup;
			children = (
				F937FB8325ECEC240073351E /* XJJVideoSource.plist */,
				F937FB8825ECEF190073351E /* XJJVideo.swift */,
				F937FB8D25ECF08C0073351E /* XJJVideoItem.swift */,
				F96954022623E19300E4D41B /* XJJVideoPlayerItem.swift */,
				F9A53B682616FD830019824A /* XJJVideoAsset.swift */,
			);
			path = Source;
			sourceTree = "<group>";
		};
		F9D54EC42626D00B008BEE30 /* Views */ = {
			isa = PBXGroup;
			children = (
				F9985DFC262D20330033BF42 /* SubViews */,
				F9D54EC52626D036008BEE30 /* XJJVideoPlayerMenu.swift */,
				F93BF4BE264F7CE6003E1CDC /* XJJVideoPlayerMenuCenterView.swift */,
				F9D54ECA2626D289008BEE30 /* XJJVideoPlayerMenuTopView.swift */,
				F9D54ECF2626D2B1008BEE30 /* XJJVideoPlayerMenuLeftView.swift */,
				F9D54ED42626D2C5008BEE30 /* XJJVideoPlayerMenuRightView.swift */,
				F9D54ED92626D2DA008BEE30 /* XJJVideoPlayerMenuBottomView.swift */,
			);
			path = Views;
			sourceTree = "<group>";
		};
		F9D6915B260B15EB00089B8F /* XJJStream */ = {
			isa = PBXGroup;
			children = (
				F9D6915C260B161100089B8F /* XJJStream.swift */,
			);
			path = XJJStream;
			sourceTree = "<group>";
		};
		F9D8836525F0DF6C00C52B18 /* XJJFTP */ = {
			isa = PBXGroup;
			children = (
				F9A77B4A25F218E200142266 /* XJJFTP.swift */,
				F9A77B5425F21AD500142266 /* XJJFTPConfig.swift */,
				F9A77B4F25F2195900142266 /* XJJFTPClient.swift */,
				F9A77B5925F21CB900142266 /* XJJFTPServer.swift */,
				F9A77B5E25F2283200142266 /* XJJFTPModel.swift */,
			);
			path = XJJFTP;
			sourceTree = "<group>";
		};
		F9DA6C7D26B3B0D100D034D0 /* Alert */ = {
			isa = PBXGroup;
			children = (
				F9DA6C7E26B3B10900D034D0 /* XJJAlertListViewController.swift */,
			);
			path = Alert;
			sourceTree = "<group>";
		};
		F9E3D70C26671A980072C9C8 /* Controller */ = {
			isa = PBXGroup;
			children = (
				F9E3D70D26671B680072C9C8 /* XJJVideoLandscapeViewController.swift */,
			);
			path = Controller;
			sourceTree = "<group>";
		};
		F9EA8AAA25E6261D00FE563B /* Views */ = {
			isa = PBXGroup;
			children = (
				F9EA8AB825E62AEB00FE563B /* Cells */,
				F9EA8AB325E62AA600FE563B /* XJJNewsTableView.swift */,
				F937FB7725ECE7160073351E /* XJJNewsVideoView.swift */,
			);
			path = Views;
			sourceTree = "<group>";
		};
		F9EA8AB825E62AEB00FE563B /* Cells */ = {
			isa = PBXGroup;
			children = (
				F9EA8AB925E62B5C00FE563B /* XJJNewsTableOneCell.swift */,
			);
			path = Cells;
			sourceTree = "<group>";
		};
		F9EA8AC825E6518D00FE563B /* XJJAlert */ = {
			isa = PBXGroup;
			children = (
				F901ECBA26B27E03009112C3 /* Views */,
				F901ECB826B27D77009112C3 /* XJJAlert.swift */,
				F901ECC126B289E7009112C3 /* XJJAlert+Prompt.swift */,
				F927E03B26BB9731001DA586 /* XJJAlert+ActivityIndicator.swift */,
				F927E03F26BBD0E0001DA586 /* XJJAlert+Picker.swift */,
				F990213A26C2306600ECABDD /* XJJAlert+Table.swift */,
				F9EA8AC925E651B500FE563B /* XJJAlert+Sheet.swift */,
			);
			path = XJJAlert;
			sourceTree = "<group>";
		};
		F9F6ABFC26B7DA9300EFAF3E /* XJJNavigation */ = {
			isa = PBXGroup;
			children = (
				F9E8B8C125CBEDE0002E2664 /* XJJNavigationTitleView.swift */,
			);
			path = XJJNavigation;
			sourceTree = "<group>";
		};
		F9F6ABFD26B7DAAC00EFAF3E /* XJJInputView */ = {
			isa = PBXGroup;
			children = (
				F9F6ABFE26B7DB0000EFAF3E /* XJJTextField.swift */,
				F9E7A79326BA376D0065B5B2 /* XJJTextView.swift */,
			);
			path = XJJInputView;
			sourceTree = "<group>";
		};
/* End PBXGroup section */

/* Begin PBXNativeTarget section */
		F969618B25C7FEEB00CE461B /* XJJSwiftDome */ = {
			isa = PBXNativeTarget;
			buildConfigurationList = F96961B625C7FEF400CE461B /* Build configuration list for PBXNativeTarget "XJJSwiftDome" */;
			buildPhases = (
				75F53BEEAE303FCF22C61C0D /* [CP] Check Pods Manifest.lock */,
				F969618825C7FEEB00CE461B /* Sources */,
				F969618925C7FEEB00CE461B /* Frameworks */,
				F969618A25C7FEEB00CE461B /* Resources */,
			);
			buildRules = (
			);
			dependencies = (
			);
			name = XJJSwiftDome;
			productName = XJJSwiftDome;
			productReference = F969618C25C7FEEB00CE461B /* XJJSwiftDome.app */;
			productType = "com.apple.product-type.application";
		};
		F96961A125C7FEF400CE461B /* XJJSwiftDomeTests */ = {
			isa = PBXNativeTarget;
			buildConfigurationList = F96961B925C7FEF400CE461B /* Build configuration list for PBXNativeTarget "XJJSwiftDomeTests" */;
			buildPhases = (
				F969619E25C7FEF400CE461B /* Sources */,
				F969619F25C7FEF400CE461B /* Frameworks */,
				F96961A025C7FEF400CE461B /* Resources */,
			);
			buildRules = (
			);
			dependencies = (
				F96961A425C7FEF400CE461B /* PBXTargetDependency */,
			);
			name = XJJSwiftDomeTests;
			productName = XJJSwiftDomeTests;
			productReference = F96961A225C7FEF400CE461B /* XJJSwiftDomeTests.xctest */;
			productType = "com.apple.product-type.bundle.unit-test";
		};
		F96961AC25C7FEF400CE461B /* XJJSwiftDomeUITests */ = {
			isa = PBXNativeTarget;
			buildConfigurationList = F96961BC25C7FEF400CE461B /* Build configuration list for PBXNativeTarget "XJJSwiftDomeUITests" */;
			buildPhases = (
				F96961A925C7FEF400CE461B /* Sources */,
				F96961AA25C7FEF400CE461B /* Frameworks */,
				F96961AB25C7FEF400CE461B /* Resources */,
			);
			buildRules = (
			);
			dependencies = (
				F96961AF25C7FEF400CE461B /* PBXTargetDependency */,
			);
			name = XJJSwiftDomeUITests;
			productName = XJJSwiftDomeUITests;
			productReference = F96961AD25C7FEF400CE461B /* XJJSwiftDomeUITests.xctest */;
			productType = "com.apple.product-type.bundle.ui-testing";
		};
/* End PBXNativeTarget section */

/* Begin PBXProject section */
		F969618425C7FEEB00CE461B /* Project object */ = {
			isa = PBXProject;
			attributes = {
				LastSwiftUpdateCheck = 1240;
				LastUpgradeCheck = 1240;
				TargetAttributes = {
					F969618B25C7FEEB00CE461B = {
						CreatedOnToolsVersion = 12.4;
					};
					F96961A125C7FEF400CE461B = {
						CreatedOnToolsVersion = 12.4;
						TestTargetID = F969618B25C7FEEB00CE461B;
					};
					F96961AC25C7FEF400CE461B = {
						CreatedOnToolsVersion = 12.4;
						TestTargetID = F969618B25C7FEEB00CE461B;
					};
				};
			};
			buildConfigurationList = F969618725C7FEEB00CE461B /* Build configuration list for PBXProject "XJJSwiftDome" */;
			compatibilityVersion = "Xcode 9.3";
			developmentRegion = en;
			hasScannedForEncodings = 0;
			knownRegions = (
				en,
				Base,
			);
			mainGroup = F969618325C7FEEB00CE461B;
			productRefGroup = F969618D25C7FEEB00CE461B /* Products */;
			projectDirPath = "";
			projectRoot = "";
			targets = (
				F969618B25C7FEEB00CE461B /* XJJSwiftDome */,
				F96961A125C7FEF400CE461B /* XJJSwiftDomeTests */,
				F96961AC25C7FEF400CE461B /* XJJSwiftDomeUITests */,
			);
		};
/* End PBXProject section */

/* Begin PBXResourcesBuildPhase section */
		F969618A25C7FEEB00CE461B /* Resources */ = {
			isa = PBXResourcesBuildPhase;
			buildActionMask = 2147483647;
			files = (
				F969619C25C7FEF400CE461B /* LaunchScreen.storyboard in Resources */,
				F9E8B8A625CBC421002E2664 /* 迷你简书魏.ttf in Resources */,
				F96B6688264A718000020BF5 /* xjj_image01.jpeg in Resources */,
				F937FB8425ECEC240073351E /* XJJVideoSource.plist in Resources */,
				F937FB7E25ECEB3A0073351E /* VideoUrls in Resources */,
				F969619925C7FEF400CE461B /* Assets.xcassets in Resources */,
				F9E8B8AB25CBCFCC002E2664 /* 汉仪秦川飞影体.ttf in Resources */,
				F9E8B8B825CBD1E3002E2664 /* 字体说明 in Resources */,
			);
			runOnlyForDeploymentPostprocessing = 0;
		};
		F96961A025C7FEF400CE461B /* Resources */ = {
			isa = PBXResourcesBuildPhase;
			buildActionMask = 2147483647;
			files = (
			);
			runOnlyForDeploymentPostprocessing = 0;
		};
		F96961AB25C7FEF400CE461B /* Resources */ = {
			isa = PBXResourcesBuildPhase;
			buildActionMask = 2147483647;
			files = (
			);
			runOnlyForDeploymentPostprocessing = 0;
		};
/* End PBXResourcesBuildPhase section */

/* Begin PBXShellScriptBuildPhase section */
		75F53BEEAE303FCF22C61C0D /* [CP] Check Pods Manifest.lock */ = {
			isa = PBXShellScriptBuildPhase;
			buildActionMask = 2147483647;
			files = (
			);
			inputFileListPaths = (
			);
			inputPaths = (
				"${PODS_PODFILE_DIR_PATH}/Podfile.lock",
				"${PODS_ROOT}/Manifest.lock",
			);
			name = "[CP] Check Pods Manifest.lock";
			outputFileListPaths = (
			);
			outputPaths = (
				"$(DERIVED_FILE_DIR)/Pods-XJJSwiftDome-checkManifestLockResult.txt",
			);
			runOnlyForDeploymentPostprocessing = 0;
			shellPath = /bin/sh;
			shellScript = "diff \"${PODS_PODFILE_DIR_PATH}/Podfile.lock\" \"${PODS_ROOT}/Manifest.lock\" > /dev/null\nif [ $? != 0 ] ; then\n    # print error to STDERR\n    echo \"error: The sandbox is not in sync with the Podfile.lock. Run 'pod install' or update your CocoaPods installation.\" >&2\n    exit 1\nfi\n# This output is used by Xcode 'outputs' to avoid re-running this script phase.\necho \"SUCCESS\" > \"${SCRIPT_OUTPUT_FILE_0}\"\n";
			showEnvVarsInLog = 0;
		};
/* End PBXShellScriptBuildPhase section */

/* Begin PBXSourcesBuildPhase section */
		F969618825C7FEEB00CE461B /* Sources */ = {
			isa = PBXSourcesBuildPhase;
			buildActionMask = 2147483647;
			files = (
				F949392E26B9371900E1BC31 /* UITextField+Extension.swift in Sources */,
				F9FA20B925E4FD9900DC0421 /* XJJLoadMoreControlView.swift in Sources */,
				F927E04026BBD0E0001DA586 /* XJJAlert+Picker.swift in Sources */,
				F9E8B8BD25CBE859002E2664 /* TestViewController.swift in Sources */,
				F930DA9D25E8A0DB007459FC /* XJJNewsTableItem.swift in Sources */,
				F9E7A79626BA40040065B5B2 /* UITextView+Extension.swift in Sources */,
				F96961E125C8004400CE461B /* XJJBaseViewController.swift in Sources */,
				F9F6ABFF26B7DB0000EFAF3E /* XJJTextField.swift in Sources */,
				F937FB8925ECEF190073351E /* XJJVideo.swift in Sources */,
				F95CBB5D25EDEF84008A758D /* XJJHTTPRequest.swift in Sources */,
				F943955425EC9CD400C56E3C /* XJJFile.swift in Sources */,
				F9FA20A725E4A83700DC0421 /* Date+ Extension.swift in Sources */,
				F92DDB5A25CD40CB00B390FE /* XJJNewsViewController.swift in Sources */,
				F9E3D70E26671B680072C9C8 /* XJJVideoLandscapeViewController.swift in Sources */,
				F9D6915D260B161100089B8F /* XJJStream.swift in Sources */,
				F930A497262AC01B00710842 /* UIImageView+Extension.swift in Sources */,
				F98950D325E0BD6000538A29 /* UIDevice+Extension.swift in Sources */,
				F9D54ED02626D2B1008BEE30 /* XJJVideoPlayerMenuLeftView.swift in Sources */,
				F937FB7825ECE7160073351E /* XJJNewsVideoView.swift in Sources */,
				F98950EE25E0EB6F00538A29 /* XJJNewsTitleCell.swift in Sources */,
				F9EA8ABA25E62B5C00FE563B /* XJJNewsTableOneCell.swift in Sources */,
				F9A77B4B25F218E200142266 /* XJJFTP.swift in Sources */,
				F9A53B642616C5320019824A /* XJJVideoPlayer.swift in Sources */,
				F96961E225C8004400CE461B /* XJJNavigationController.swift in Sources */,
				F95CBB6725EDF051008A758D /* XJJHTTPDataType.swift in Sources */,
				F95CBB4C25EDD9FB008A758D /* Data+Extension.swift in Sources */,
				F917ECA326BD39F500B9A7A6 /* XJJRHLabel.swift in Sources */,
				F9E7A79426BA376D0065B5B2 /* XJJTextView.swift in Sources */,
				F95CBB5325EDEE63008A758D /* XJJHTTP.swift in Sources */,
				F9BAF48325E3967C00A16B47 /* XJJRefresh.swift in Sources */,
				F96961DF25C8004400CE461B /* XJJTheme.swift in Sources */,
				F9A77B5025F2195900142266 /* XJJFTPClient.swift in Sources */,
				F9985DFE262D20620033BF42 /* XJJVideoProgressBar.swift in Sources */,
				F927E03C26BB9731001DA586 /* XJJAlert+ActivityIndicator.swift in Sources */,
				F924CC4A2649335D00D94946 /* XJJScreen.swift in Sources */,
				F9EA8ACA25E651B500FE563B /* XJJAlert+Sheet.swift in Sources */,
				F96961E325C8004400CE461B /* XJJCheck.swift in Sources */,
				F98950E325E0E98600538A29 /* XJJNewsTitleView.swift in Sources */,
				F96961E425C8004400CE461B /* XJJText.swift in Sources */,
				F9F6AC0126B7E69D00EFAF3E /* XJJMatch.swift in Sources */,
				F9FA20A225E4A06600DC0421 /* XJJRefreshControlView.swift in Sources */,
				F99F4162267345FE00278741 /* UIViewController+Extension.swift in Sources */,
				F9EA8AB425E62AA600FE563B /* XJJNewsTableView.swift in Sources */,
				F98950CE25E0A59900538A29 /* UIScrollView+Extension.swift in Sources */,
				F9C31F6825E2121C00097909 /* Array+Extension.swift in Sources */,
				F9A77B5525F21AD500142266 /* XJJFTPConfig.swift in Sources */,
				F901ECBE26B28281009112C3 /* XJJAlertBackgroundView.swift in Sources */,
				F98950C925E0A57E00538A29 /* UITableView+Extension.swift in Sources */,
				F9D54ECB2626D289008BEE30 /* XJJVideoPlayerMenuTopView.swift in Sources */,
				F92DDB5025CD391800B390FE /* XJJMainViewController.swift in Sources */,
				F92DDB6425CD48F300B390FE /* UILabel+Extension.swift in Sources */,
				F98950E825E0E99900538A29 /* XJJNewsContentView.swift in Sources */,
				F937FB8E25ECF08C0073351E /* XJJVideoItem.swift in Sources */,
				F95CBB5825EDEF46008A758D /* XJJHTTPManager.swift in Sources */,
				F9BAF49525E3AF1F00A16B47 /* XJJRefreshControl.swift in Sources */,
				F9E8B8C725CBF752002E2664 /* UIView+Extension.swift in Sources */,
				F950216C265E316800EDD434 /* XJJTools.swift in Sources */,
				F9EA8ABF25E64DEB00FE563B /* XJJTheme+Normal.swift in Sources */,
				F9E8B8C225CBEDE0002E2664 /* XJJNavigationTitleView.swift in Sources */,
				F930DAA625E8A11F007459FC /* XJJNewsItem.swift in Sources */,
				F9D69168260B2CAA00089B8F /* XJJMMSConfig.swift in Sources */,
				F98950F325E0F95400538A29 /* XJJNewsTitleCellItem.swift in Sources */,
				F990213B26C2306600ECABDD /* XJJAlert+Table.swift in Sources */,
				F9A77B5A25F21CB900142266 /* XJJFTPServer.swift in Sources */,
				F9BAF46C25E3648000A16B47 /* XJJNewsContentCell.swift in Sources */,
				F9BAF46625E3622900A16B47 /* UIColor+Extension.swift in Sources */,
				F95CBB7125EDF09A008A758D /* XJJHTTPResult.swift in Sources */,
				F9D54EC62626D036008BEE30 /* XJJVideoPlayerMenu.swift in Sources */,
				F969619425C7FEEB00CE461B /* ViewController.swift in Sources */,
				F901ECC026B287DA009112C3 /* XJJAlertPromptView.swift in Sources */,
				F92DDB3C25CD2D0C00B390FE /* XJJTabBarController.swift in Sources */,
				F9649EFE26005EDF00DC0E47 /* XJJMMSModel.swift in Sources */,
				F96961CC25C8003C00CE461B /* XJJConfig.swift in Sources */,
				F9EA8AC425E64E4400FE563B /* XJJTheme+XinNian.swift in Sources */,
				F9EA8ACF25E655EB00FE563B /* XJJProtocol.swift in Sources */,
				F9A77B5F25F2283200142266 /* XJJFTPModel.swift in Sources */,
				F9DA6C7F26B3B10900D034D0 /* XJJAlertListViewController.swift in Sources */,
				F9649F0B2600611B00DC0E47 /* XJJGUID.swift in Sources */,
				F901ECC226B289E7009112C3 /* XJJAlert+Prompt.swift in Sources */,
				F96961E025C8004400CE461B /* String+Extension.swift in Sources */,
				F9BAF47125E364E000A16B47 /* XJJNewsContentCellItem.swift in Sources */,
				F9FA20AC25E4AE7700DC0421 /* UIImage+Extension.swift in Sources */,
				F901ECB926B27D77009112C3 /* XJJAlert.swift in Sources */,
				F917ECA026BCDA0900B9A7A6 /* XJJAlertTableView.swift in Sources */,
				F9649F1C2600A52200DC0E47 /* XJJMMSClient.swift in Sources */,
				F95CBB6C25EDF080008A758D /* XJJHTTPResponse.swift in Sources */,
				F92DDB4125CD2EC400B390FE /* XJJTimer.swift in Sources */,
				F9D54EDA2626D2DA008BEE30 /* XJJVideoPlayerMenuBottomView.swift in Sources */,
				F93BF4BF264F7CE6003E1CDC /* XJJVideoPlayerMenuCenterView.swift in Sources */,
				F9D54ED52626D2C5008BEE30 /* XJJVideoPlayerMenuRightView.swift in Sources */,
				F9FA20B425E4FA0D00DC0421 /* XJJLoadMoreControl.swift in Sources */,
				F927E03E26BBBF75001DA586 /* XJJAlertPickerView.swift in Sources */,
				F976C55125F369C700C4B3CB /* XJJAsyncSocket.swift in Sources */,
				F9A53B692616FD830019824A /* XJJVideoAsset.swift in Sources */,
				F92DDB5F25CD40EF00B390FE /* XJJMyViewController.swift in Sources */,
				F95CBB6225EDF020008A758D /* XJJHTTPTask.swift in Sources */,
				F927E03A26BB8E04001DA586 /* XJJActivityIndicatorView.swift in Sources */,
				F96954032623E19300E4D41B /* XJJVideoPlayerItem.swift in Sources */,
				F9274851264A686B00CE1928 /* XJJImages.swift in Sources */,
				F98950D925E0E83D00538A29 /* XJJNewsView.swift in Sources */,
				F9649F212600A55B00DC0E47 /* XJJMMS.swift in Sources */,
				F969619025C7FEEB00CE461B /* AppDelegate.swift in Sources */,
				F92DDB4825CD34C200B390FE /* XJJTimerViewController.swift in Sources */,
				F9F3A14D25E8CB8700213C98 /* XJJNewsModel.swift in Sources */,
			);
			runOnlyForDeploymentPostprocessing = 0;
		};
		F969619E25C7FEF400CE461B /* Sources */ = {
			isa = PBXSourcesBuildPhase;
			buildActionMask = 2147483647;
			files = (
				F96961A725C7FEF400CE461B /* XJJSwiftDomeTests.swift in Sources */,
			);
			runOnlyForDeploymentPostprocessing = 0;
		};
		F96961A925C7FEF400CE461B /* Sources */ = {
			isa = PBXSourcesBuildPhase;
			buildActionMask = 2147483647;
			files = (
				F96961B225C7FEF400CE461B /* XJJSwiftDomeUITests.swift in Sources */,
			);
			runOnlyForDeploymentPostprocessing = 0;
		};
/* End PBXSourcesBuildPhase section */

/* Begin PBXTargetDependency section */
		F96961A425C7FEF400CE461B /* PBXTargetDependency */ = {
			isa = PBXTargetDependency;
			target = F969618B25C7FEEB00CE461B /* XJJSwiftDome */;
			targetProxy = F96961A325C7FEF400CE461B /* PBXContainerItemProxy */;
		};
		F96961AF25C7FEF400CE461B /* PBXTargetDependency */ = {
			isa = PBXTargetDependency;
			target = F969618B25C7FEEB00CE461B /* XJJSwiftDome */;
			targetProxy = F96961AE25C7FEF400CE461B /* PBXContainerItemProxy */;
		};
/* End PBXTargetDependency section */

/* Begin PBXVariantGroup section */
		F969619A25C7FEF400CE461B /* LaunchScreen.storyboard */ = {
			isa = PBXVariantGroup;
			children = (
				F969619B25C7FEF400CE461B /* Base */,
			);
			name = LaunchScreen.storyboard;
			sourceTree = "<group>";
		};
/* End PBXVariantGroup section */

/* Begin XCBuildConfiguration section */
		F96961B425C7FEF400CE461B /* Debug */ = {
			isa = XCBuildConfiguration;
			buildSettings = {
				ALWAYS_SEARCH_USER_PATHS = NO;
				CLANG_ANALYZER_NONNULL = YES;
				CLANG_ANALYZER_NUMBER_OBJECT_CONVERSION = YES_AGGRESSIVE;
				CLANG_CXX_LANGUAGE_STANDARD = "gnu++14";
				CLANG_CXX_LIBRARY = "libc++";
				CLANG_ENABLE_MODULES = YES;
				CLANG_ENABLE_OBJC_ARC = YES;
				CLANG_ENABLE_OBJC_WEAK = YES;
				CLANG_WARN_BLOCK_CAPTURE_AUTORELEASING = YES;
				CLANG_WARN_BOOL_CONVERSION = YES;
				CLANG_WARN_COMMA = YES;
				CLANG_WARN_CONSTANT_CONVERSION = YES;
				CLANG_WARN_DEPRECATED_OBJC_IMPLEMENTATIONS = YES;
				CLANG_WARN_DIRECT_OBJC_ISA_USAGE = YES_ERROR;
				CLANG_WARN_DOCUMENTATION_COMMENTS = YES;
				CLANG_WARN_EMPTY_BODY = YES;
				CLANG_WARN_ENUM_CONVERSION = YES;
				CLANG_WARN_INFINITE_RECURSION = YES;
				CLANG_WARN_INT_CONVERSION = YES;
				CLANG_WARN_NON_LITERAL_NULL_CONVERSION = YES;
				CLANG_WARN_OBJC_IMPLICIT_RETAIN_SELF = YES;
				CLANG_WARN_OBJC_LITERAL_CONVERSION = YES;
				CLANG_WARN_OBJC_ROOT_CLASS = YES_ERROR;
				CLANG_WARN_QUOTED_INCLUDE_IN_FRAMEWORK_HEADER = YES;
				CLANG_WARN_RANGE_LOOP_ANALYSIS = YES;
				CLANG_WARN_STRICT_PROTOTYPES = YES;
				CLANG_WARN_SUSPICIOUS_MOVE = YES;
				CLANG_WARN_UNGUARDED_AVAILABILITY = YES_AGGRESSIVE;
				CLANG_WARN_UNREACHABLE_CODE = YES;
				CLANG_WARN__DUPLICATE_METHOD_MATCH = YES;
				COPY_PHASE_STRIP = NO;
				DEBUG_INFORMATION_FORMAT = dwarf;
				ENABLE_STRICT_OBJC_MSGSEND = YES;
				ENABLE_TESTABILITY = YES;
				GCC_C_LANGUAGE_STANDARD = gnu11;
				GCC_DYNAMIC_NO_PIC = NO;
				GCC_NO_COMMON_BLOCKS = YES;
				GCC_OPTIMIZATION_LEVEL = 0;
				GCC_PREPROCESSOR_DEFINITIONS = (
					"DEBUG=1",
					"$(inherited)",
				);
				GCC_WARN_64_TO_32_BIT_CONVERSION = YES;
				GCC_WARN_ABOUT_RETURN_TYPE = YES_ERROR;
				GCC_WARN_UNDECLARED_SELECTOR = YES;
				GCC_WARN_UNINITIALIZED_AUTOS = YES_AGGRESSIVE;
				GCC_WARN_UNUSED_FUNCTION = YES;
				GCC_WARN_UNUSED_VARIABLE = YES;
				IPHONEOS_DEPLOYMENT_TARGET = 14.4;
				MTL_ENABLE_DEBUG_INFO = INCLUDE_SOURCE;
				MTL_FAST_MATH = YES;
				ONLY_ACTIVE_ARCH = YES;
				SDKROOT = iphoneos;
				SWIFT_ACTIVE_COMPILATION_CONDITIONS = DEBUG;
				SWIFT_OPTIMIZATION_LEVEL = "-Onone";
			};
			name = Debug;
		};
		F96961B525C7FEF400CE461B /* Release */ = {
			isa = XCBuildConfiguration;
			buildSettings = {
				ALWAYS_SEARCH_USER_PATHS = NO;
				CLANG_ANALYZER_NONNULL = YES;
				CLANG_ANALYZER_NUMBER_OBJECT_CONVERSION = YES_AGGRESSIVE;
				CLANG_CXX_LANGUAGE_STANDARD = "gnu++14";
				CLANG_CXX_LIBRARY = "libc++";
				CLANG_ENABLE_MODULES = YES;
				CLANG_ENABLE_OBJC_ARC = YES;
				CLANG_ENABLE_OBJC_WEAK = YES;
				CLANG_WARN_BLOCK_CAPTURE_AUTORELEASING = YES;
				CLANG_WARN_BOOL_CONVERSION = YES;
				CLANG_WARN_COMMA = YES;
				CLANG_WARN_CONSTANT_CONVERSION = YES;
				CLANG_WARN_DEPRECATED_OBJC_IMPLEMENTATIONS = YES;
				CLANG_WARN_DIRECT_OBJC_ISA_USAGE = YES_ERROR;
				CLANG_WARN_DOCUMENTATION_COMMENTS = YES;
				CLANG_WARN_EMPTY_BODY = YES;
				CLANG_WARN_ENUM_CONVERSION = YES;
				CLANG_WARN_INFINITE_RECURSION = YES;
				CLANG_WARN_INT_CONVERSION = YES;
				CLANG_WARN_NON_LITERAL_NULL_CONVERSION = YES;
				CLANG_WARN_OBJC_IMPLICIT_RETAIN_SELF = YES;
				CLANG_WARN_OBJC_LITERAL_CONVERSION = YES;
				CLANG_WARN_OBJC_ROOT_CLASS = YES_ERROR;
				CLANG_WARN_QUOTED_INCLUDE_IN_FRAMEWORK_HEADER = YES;
				CLANG_WARN_RANGE_LOOP_ANALYSIS = YES;
				CLANG_WARN_STRICT_PROTOTYPES = YES;
				CLANG_WARN_SUSPICIOUS_MOVE = YES;
				CLANG_WARN_UNGUARDED_AVAILABILITY = YES_AGGRESSIVE;
				CLANG_WARN_UNREACHABLE_CODE = YES;
				CLANG_WARN__DUPLICATE_METHOD_MATCH = YES;
				COPY_PHASE_STRIP = NO;
				DEBUG_INFORMATION_FORMAT = "dwarf-with-dsym";
				ENABLE_NS_ASSERTIONS = NO;
				ENABLE_STRICT_OBJC_MSGSEND = YES;
				GCC_C_LANGUAGE_STANDARD = gnu11;
				GCC_NO_COMMON_BLOCKS = YES;
				GCC_WARN_64_TO_32_BIT_CONVERSION = YES;
				GCC_WARN_ABOUT_RETURN_TYPE = YES_ERROR;
				GCC_WARN_UNDECLARED_SELECTOR = YES;
				GCC_WARN_UNINITIALIZED_AUTOS = YES_AGGRESSIVE;
				GCC_WARN_UNUSED_FUNCTION = YES;
				GCC_WARN_UNUSED_VARIABLE = YES;
				IPHONEOS_DEPLOYMENT_TARGET = 14.4;
				MTL_ENABLE_DEBUG_INFO = NO;
				MTL_FAST_MATH = YES;
				SDKROOT = iphoneos;
				SWIFT_COMPILATION_MODE = wholemodule;
				SWIFT_OPTIMIZATION_LEVEL = "-O";
				VALIDATE_PRODUCT = YES;
			};
			name = Release;
		};
		F96961B725C7FEF400CE461B /* Debug */ = {
			isa = XCBuildConfiguration;
			baseConfigurationReference = AD3212D92F355CAFBD016880 /* Pods-XJJSwiftDome.debug.xcconfig */;
			buildSettings = {
				ASSETCATALOG_COMPILER_APPICON_NAME = AppIcon;
				ASSETCATALOG_COMPILER_GLOBAL_ACCENT_COLOR_NAME = AccentColor;
				CODE_SIGN_STYLE = Automatic;
				DEFINES_MODULE = YES;
				DEVELOPMENT_TEAM = UHYD65M29B;
				INFOPLIST_FILE = XJJSwiftDome/Info.plist;
				IPHONEOS_DEPLOYMENT_TARGET = 13.0;
				LD_RUNPATH_SEARCH_PATHS = (
					"$(inherited)",
					"@executable_path/Frameworks",
				);
				PRODUCT_BUNDLE_IDENTIFIER = junjieXia.XJJSwiftDome;
				PRODUCT_NAME = "$(TARGET_NAME)";
				SWIFT_OBJC_BRIDGING_HEADER = "/Users/Levy/Desktop/Git_Demo/XJJSwiftDome/XJJSwiftDome/XJJSwiftDome-Bridging-Header.h";
				SWIFT_VERSION = 5.0;
				TARGETED_DEVICE_FAMILY = 1;
			};
			name = Debug;
		};
		F96961B825C7FEF400CE461B /* Release */ = {
			isa = XCBuildConfiguration;
			baseConfigurationReference = 3364065CDC2F4E9C1DA9DC1F /* Pods-XJJSwiftDome.release.xcconfig */;
			buildSettings = {
				ASSETCATALOG_COMPILER_APPICON_NAME = AppIcon;
				ASSETCATALOG_COMPILER_GLOBAL_ACCENT_COLOR_NAME = AccentColor;
				CODE_SIGN_STYLE = Automatic;
				DEFINES_MODULE = YES;
				DEVELOPMENT_TEAM = UHYD65M29B;
				INFOPLIST_FILE = XJJSwiftDome/Info.plist;
				IPHONEOS_DEPLOYMENT_TARGET = 13.0;
				LD_RUNPATH_SEARCH_PATHS = (
					"$(inherited)",
					"@executable_path/Frameworks",
				);
				PRODUCT_BUNDLE_IDENTIFIER = junjieXia.XJJSwiftDome;
				PRODUCT_NAME = "$(TARGET_NAME)";
				SWIFT_OBJC_BRIDGING_HEADER = "/Users/Levy/Desktop/Git_Demo/XJJSwiftDome/XJJSwiftDome/XJJSwiftDome-Bridging-Header.h";
				SWIFT_VERSION = 5.0;
				TARGETED_DEVICE_FAMILY = 1;
			};
			name = Release;
		};
		F96961BA25C7FEF400CE461B /* Debug */ = {
			isa = XCBuildConfiguration;
			buildSettings = {
				ALWAYS_EMBED_SWIFT_STANDARD_LIBRARIES = YES;
				BUNDLE_LOADER = "$(TEST_HOST)";
				CODE_SIGN_STYLE = Automatic;
				DEVELOPMENT_TEAM = UHYD65M29B;
				INFOPLIST_FILE = XJJSwiftDomeTests/Info.plist;
				IPHONEOS_DEPLOYMENT_TARGET = 14.4;
				LD_RUNPATH_SEARCH_PATHS = (
					"$(inherited)",
					"@executable_path/Frameworks",
					"@loader_path/Frameworks",
				);
				PRODUCT_BUNDLE_IDENTIFIER = junjieXia.XJJSwiftDomeTests;
				PRODUCT_NAME = "$(TARGET_NAME)";
				SWIFT_VERSION = 5.0;
				TARGETED_DEVICE_FAMILY = "1,2";
				TEST_HOST = "$(BUILT_PRODUCTS_DIR)/XJJSwiftDome.app/XJJSwiftDome";
			};
			name = Debug;
		};
		F96961BB25C7FEF400CE461B /* Release */ = {
			isa = XCBuildConfiguration;
			buildSettings = {
				ALWAYS_EMBED_SWIFT_STANDARD_LIBRARIES = YES;
				BUNDLE_LOADER = "$(TEST_HOST)";
				CODE_SIGN_STYLE = Automatic;
				DEVELOPMENT_TEAM = UHYD65M29B;
				INFOPLIST_FILE = XJJSwiftDomeTests/Info.plist;
				IPHONEOS_DEPLOYMENT_TARGET = 14.4;
				LD_RUNPATH_SEARCH_PATHS = (
					"$(inherited)",
					"@executable_path/Frameworks",
					"@loader_path/Frameworks",
				);
				PRODUCT_BUNDLE_IDENTIFIER = junjieXia.XJJSwiftDomeTests;
				PRODUCT_NAME = "$(TARGET_NAME)";
				SWIFT_VERSION = 5.0;
				TARGETED_DEVICE_FAMILY = "1,2";
				TEST_HOST = "$(BUILT_PRODUCTS_DIR)/XJJSwiftDome.app/XJJSwiftDome";
			};
			name = Release;
		};
		F96961BD25C7FEF400CE461B /* Debug */ = {
			isa = XCBuildConfiguration;
			buildSettings = {
				ALWAYS_EMBED_SWIFT_STANDARD_LIBRARIES = YES;
				CODE_SIGN_STYLE = Automatic;
				DEVELOPMENT_TEAM = UHYD65M29B;
				INFOPLIST_FILE = XJJSwiftDomeUITests/Info.plist;
				LD_RUNPATH_SEARCH_PATHS = (
					"$(inherited)",
					"@executable_path/Frameworks",
					"@loader_path/Frameworks",
				);
				PRODUCT_BUNDLE_IDENTIFIER = junjieXia.XJJSwiftDomeUITests;
				PRODUCT_NAME = "$(TARGET_NAME)";
				SWIFT_VERSION = 5.0;
				TARGETED_DEVICE_FAMILY = "1,2";
				TEST_TARGET_NAME = XJJSwiftDome;
			};
			name = Debug;
		};
		F96961BE25C7FEF400CE461B /* Release */ = {
			isa = XCBuildConfiguration;
			buildSettings = {
				ALWAYS_EMBED_SWIFT_STANDARD_LIBRARIES = YES;
				CODE_SIGN_STYLE = Automatic;
				DEVELOPMENT_TEAM = UHYD65M29B;
				INFOPLIST_FILE = XJJSwiftDomeUITests/Info.plist;
				LD_RUNPATH_SEARCH_PATHS = (
					"$(inherited)",
					"@executable_path/Frameworks",
					"@loader_path/Frameworks",
				);
				PRODUCT_BUNDLE_IDENTIFIER = junjieXia.XJJSwiftDomeUITests;
				PRODUCT_NAME = "$(TARGET_NAME)";
				SWIFT_VERSION = 5.0;
				TARGETED_DEVICE_FAMILY = "1,2";
				TEST_TARGET_NAME = XJJSwiftDome;
			};
			name = Release;
		};
/* End XCBuildConfiguration section */

/* Begin XCConfigurationList section */
		F969618725C7FEEB00CE461B /* Build configuration list for PBXProject "XJJSwiftDome" */ = {
			isa = XCConfigurationList;
			buildConfigurations = (
				F96961B425C7FEF400CE461B /* Debug */,
				F96961B525C7FEF400CE461B /* Release */,
			);
			defaultConfigurationIsVisible = 0;
			defaultConfigurationName = Release;
		};
		F96961B625C7FEF400CE461B /* Build configuration list for PBXNativeTarget "XJJSwiftDome" */ = {
			isa = XCConfigurationList;
			buildConfigurations = (
				F96961B725C7FEF400CE461B /* Debug */,
				F96961B825C7FEF400CE461B /* Release */,
			);
			defaultConfigurationIsVisible = 0;
			defaultConfigurationName = Release;
		};
		F96961B925C7FEF400CE461B /* Build configuration list for PBXNativeTarget "XJJSwiftDomeTests" */ = {
			isa = XCConfigurationList;
			buildConfigurations = (
				F96961BA25C7FEF400CE461B /* Debug */,
				F96961BB25C7FEF400CE461B /* Release */,
			);
			defaultConfigurationIsVisible = 0;
			defaultConfigurationName = Release;
		};
		F96961BC25C7FEF400CE461B /* Build configuration list for PBXNativeTarget "XJJSwiftDomeUITests" */ = {
			isa = XCConfigurationList;
			buildConfigurations = (
				F96961BD25C7FEF400CE461B /* Debug */,
				F96961BE25C7FEF400CE461B /* Release */,
			);
			defaultConfigurationIsVisible = 0;
			defaultConfigurationName = Release;
		};
/* End XCConfigurationList section */
	};
	rootObject = F969618425C7FEEB00CE461B /* Project object */;
}
